// !$*UTF8*$!
{
	archiveVersion = 1;
	classes = {
	};
	objectVersion = 46;
	objects = {

/* Begin PBXBuildFile section */
		9E10C31B141A65DD005E60FC /* ContentView.xib in Resources */ = {isa = PBXBuildFile; fileRef = 9E10C31A141A65DD005E60FC /* ContentView.xib */; };
		9E10C570141B183D005E60FC /* ContentViewController.m in Sources */ = {isa = PBXBuildFile; fileRef = 9E10C56F141B183D005E60FC /* ContentViewController.m */; };
		9E10C571141B183D005E60FC /* ContentViewController.m in Sources */ = {isa = PBXBuildFile; fileRef = 9E10C56F141B183D005E60FC /* ContentViewController.m */; };
		9E10C572141B18AD005E60FC /* Utils.m in Sources */ = {isa = PBXBuildFile; fileRef = 9E669769134C5D2D00B9E0F4 /* Utils.m */; };
		9E10C575141B1B51005E60FC /* QueryHelper.m in Sources */ = {isa = PBXBuildFile; fileRef = 9E10C574141B1B51005E60FC /* QueryHelper.m */; };
		9E10C576141B1B51005E60FC /* QueryHelper.m in Sources */ = {isa = PBXBuildFile; fileRef = 9E10C574141B1B51005E60FC /* QueryHelper.m */; };
		9E10C57C141B1C5F005E60FC /* ContentInfo.m in Sources */ = {isa = PBXBuildFile; fileRef = 9E10C57B141B1C5F005E60FC /* ContentInfo.m */; };
		9E10C57D141B1C5F005E60FC /* ContentInfo.m in Sources */ = {isa = PBXBuildFile; fileRef = 9E10C57B141B1C5F005E60FC /* ContentInfo.m */; };
		9E10C580141B2BE6005E60FC /* ContentInfoType.m in Sources */ = {isa = PBXBuildFile; fileRef = 9E10C57F141B2BE6005E60FC /* ContentInfoType.m */; };
		9E10C581141B2BE6005E60FC /* ContentInfoType.m in Sources */ = {isa = PBXBuildFile; fileRef = 9E10C57F141B2BE6005E60FC /* ContentInfoType.m */; };
		9E10EA7813C88B6800DCA4B4 /* E_Tipitaka.sqlite in Resources */ = {isa = PBXBuildFile; fileRef = 9E10EA7713C88B6800DCA4B4 /* E_Tipitaka.sqlite */; };
		9E13896B141B750C00C350B0 /* BaseReadViewController.m in Sources */ = {isa = PBXBuildFile; fileRef = 9E13896A141B750C00C350B0 /* BaseReadViewController.m */; };
		9E13896C141B750C00C350B0 /* BaseReadViewController.m in Sources */ = {isa = PBXBuildFile; fileRef = 9E13896A141B750C00C350B0 /* BaseReadViewController.m */; };
		9E138975141B80EB00C350B0 /* PadReadViewController.m in Sources */ = {isa = PBXBuildFile; fileRef = 9E138974141B80EB00C350B0 /* PadReadViewController.m */; };
		9E138976141B80EB00C350B0 /* PadReadViewController.m in Sources */ = {isa = PBXBuildFile; fileRef = 9E138974141B80EB00C350B0 /* PadReadViewController.m */; };
		9E13897E141B8E7700C350B0 /* UITextInputAlertView.m in Sources */ = {isa = PBXBuildFile; fileRef = 9E13897D141B8E7700C350B0 /* UITextInputAlertView.m */; };
		9E13897F141B8E7700C350B0 /* UITextInputAlertView.m in Sources */ = {isa = PBXBuildFile; fileRef = 9E13897D141B8E7700C350B0 /* UITextInputAlertView.m */; };
		9E138983141BA32C00C350B0 /* Command.m in Sources */ = {isa = PBXBuildFile; fileRef = 9E138982141BA32C00C350B0 /* Command.m */; };
		9E138984141BA32C00C350B0 /* Command.m in Sources */ = {isa = PBXBuildFile; fileRef = 9E138982141BA32C00C350B0 /* Command.m */; };
		9E1556C0149726DB00E1044B /* libz.1.2.5.dylib in Frameworks */ = {isa = PBXBuildFile; fileRef = 9E1556BF149726DB00E1044B /* libz.1.2.5.dylib */; };
		9E1722031366C4F90011891C /* ioapi.c in Sources */ = {isa = PBXBuildFile; fileRef = 9E1721F91366C4F90011891C /* ioapi.c */; };
		9E1722041366C4F90011891C /* mztools.c in Sources */ = {isa = PBXBuildFile; fileRef = 9E1721FB1366C4F90011891C /* mztools.c */; };
		9E1722051366C4F90011891C /* unzip.c in Sources */ = {isa = PBXBuildFile; fileRef = 9E1721FD1366C4F90011891C /* unzip.c */; };
		9E1722061366C4F90011891C /* zip.c in Sources */ = {isa = PBXBuildFile; fileRef = 9E1721FF1366C4F90011891C /* zip.c */; };
		9E1722071366C4F90011891C /* ZipArchive.mm in Sources */ = {isa = PBXBuildFile; fileRef = 9E1722021366C4F90011891C /* ZipArchive.mm */; };
		9E326FA7138C03B300ED66AE /* DoubleReadView_iPad.xib in Resources */ = {isa = PBXBuildFile; fileRef = 9E326FA6138C03B300ED66AE /* DoubleReadView_iPad.xib */; };
		9E326FB3138D30F700ED66AE /* star_big_off.png in Resources */ = {isa = PBXBuildFile; fileRef = 9E326FB1138D30F700ED66AE /* star_big_off.png */; };
		9E326FB4138D30F700ED66AE /* star_big_on.png in Resources */ = {isa = PBXBuildFile; fileRef = 9E326FB2138D30F700ED66AE /* star_big_on.png */; };
		9E326FB8138D36D900ED66AE /* star_off.png in Resources */ = {isa = PBXBuildFile; fileRef = 9E326FB6138D36D900ED66AE /* star_off.png */; };
		9E326FB9138D36D900ED66AE /* star_on.png in Resources */ = {isa = PBXBuildFile; fileRef = 9E326FB7138D36D900ED66AE /* star_on.png */; };
		9E326FC0138D445600ED66AE /* History.m in Sources */ = {isa = PBXBuildFile; fileRef = 9E326FBF138D445600ED66AE /* History.m */; };
		9E326FCB138E0ECD00ED66AE /* rate_star_big_off.png in Resources */ = {isa = PBXBuildFile; fileRef = 9E326FC9138E0ECD00ED66AE /* rate_star_big_off.png */; };
		9E326FCC138E0ECD00ED66AE /* rate_star_big_on.png in Resources */ = {isa = PBXBuildFile; fileRef = 9E326FCA138E0ECD00ED66AE /* rate_star_big_on.png */; };
		9E326FD0138E0EE700ED66AE /* rate_star_small_off.png in Resources */ = {isa = PBXBuildFile; fileRef = 9E326FCE138E0EE700ED66AE /* rate_star_small_off.png */; };
		9E326FD1138E0EE700ED66AE /* rate_star_small_on.png in Resources */ = {isa = PBXBuildFile; fileRef = 9E326FCF138E0EE700ED66AE /* rate_star_small_on.png */; };
		9E326FD5138E167200ED66AE /* ic_menu_edit.png in Resources */ = {isa = PBXBuildFile; fileRef = 9E326FD4138E167200ED66AE /* ic_menu_edit.png */; };
		9E326FD9138E1B6D00ED66AE /* BookmarkEditViewController.m in Sources */ = {isa = PBXBuildFile; fileRef = 9E326FD7138E1B6C00ED66AE /* BookmarkEditViewController.m */; };
		9E326FDA138E1B6D00ED66AE /* BookmarkEditViewController.xib in Resources */ = {isa = PBXBuildFile; fileRef = 9E326FD8138E1B6C00ED66AE /* BookmarkEditViewController.xib */; };
		9E326FE8138E3EE900ED66AE /* DoubleReadViewController.m in Sources */ = {isa = PBXBuildFile; fileRef = 9E326FE7138E3EE900ED66AE /* DoubleReadViewController.m */; };
		9E326FF7138F6EBE00ED66AE /* stage_01.png in Resources */ = {isa = PBXBuildFile; fileRef = 9E326FF3138F6EBE00ED66AE /* stage_01.png */; };
		9E326FF8138F6EBE00ED66AE /* stage_02.png in Resources */ = {isa = PBXBuildFile; fileRef = 9E326FF4138F6EBE00ED66AE /* stage_02.png */; };
		9E326FF9138F6EBE00ED66AE /* stage_03.png in Resources */ = {isa = PBXBuildFile; fileRef = 9E326FF5138F6EBE00ED66AE /* stage_03.png */; };
		9E326FFA138F6EBE00ED66AE /* stage_04.png in Resources */ = {isa = PBXBuildFile; fileRef = 9E326FF6138F6EBE00ED66AE /* stage_04.png */; };
		9E3DA8D9137862D00092521B /* Icon-Small@2x.png in Resources */ = {isa = PBXBuildFile; fileRef = 9E3DA8D7137862D00092521B /* Icon-Small@2x.png */; };
		9E3DA8DA137862D00092521B /* Icon-Small-50.png in Resources */ = {isa = PBXBuildFile; fileRef = 9E3DA8D8137862D00092521B /* Icon-Small-50.png */; };
		9E4B9C8B1419B571000DD263 /* UIKit.framework in Frameworks */ = {isa = PBXBuildFile; fileRef = 9E6696F2134B15CA00B9E0F4 /* UIKit.framework */; };
		9E4B9C8C1419B571000DD263 /* Foundation.framework in Frameworks */ = {isa = PBXBuildFile; fileRef = 9E6696F4134B15CA00B9E0F4 /* Foundation.framework */; };
		9E4B9C8D1419B571000DD263 /* CoreGraphics.framework in Frameworks */ = {isa = PBXBuildFile; fileRef = 9E6696F6134B15CA00B9E0F4 /* CoreGraphics.framework */; };
		9E4B9C931419B571000DD263 /* InfoPlist.strings in Resources */ = {isa = PBXBuildFile; fileRef = 9E4B9C911419B571000DD263 /* InfoPlist.strings */; };
		9E4B9C951419B571000DD263 /* main.m in Sources */ = {isa = PBXBuildFile; fileRef = 9E4B9C941419B571000DD263 /* main.m */; };
		9E4B9CB31419BACC000DD263 /* GHUnitIOS.framework in Frameworks */ = {isa = PBXBuildFile; fileRef = 9E4B9CB21419BACC000DD263 /* GHUnitIOS.framework */; };
		9E4B9CB61419BF5E000DD263 /* MyTest.m in Sources */ = {isa = PBXBuildFile; fileRef = 9E4B9CB51419BF5E000DD263 /* MyTest.m */; };
		9E57771F142C817800E27FC9 /* SpecificedLanguageReadViewController.m in Sources */ = {isa = PBXBuildFile; fileRef = 9E57771E142C817800E27FC9 /* SpecificedLanguageReadViewController.m */; };
		9E577720142C817800E27FC9 /* SpecificedLanguageReadViewController.m in Sources */ = {isa = PBXBuildFile; fileRef = 9E57771E142C817800E27FC9 /* SpecificedLanguageReadViewController.m */; };
		9E61E401140C8354009A5FD0 /* page.html in Resources */ = {isa = PBXBuildFile; fileRef = 9E61E400140C8354009A5FD0 /* page.html */; };
		9E6696F3134B15CA00B9E0F4 /* UIKit.framework in Frameworks */ = {isa = PBXBuildFile; fileRef = 9E6696F2134B15CA00B9E0F4 /* UIKit.framework */; };
		9E6696F5134B15CA00B9E0F4 /* Foundation.framework in Frameworks */ = {isa = PBXBuildFile; fileRef = 9E6696F4134B15CA00B9E0F4 /* Foundation.framework */; };
		9E6696F7134B15CA00B9E0F4 /* CoreGraphics.framework in Frameworks */ = {isa = PBXBuildFile; fileRef = 9E6696F6134B15CA00B9E0F4 /* CoreGraphics.framework */; };
		9E6696F9134B15CA00B9E0F4 /* CoreData.framework in Frameworks */ = {isa = PBXBuildFile; fileRef = 9E6696F8134B15CA00B9E0F4 /* CoreData.framework */; };
		9E6696FF134B15CA00B9E0F4 /* InfoPlist.strings in Resources */ = {isa = PBXBuildFile; fileRef = 9E6696FD134B15CA00B9E0F4 /* InfoPlist.strings */; };
		9E669702134B15CA00B9E0F4 /* main.m in Sources */ = {isa = PBXBuildFile; fileRef = 9E669701134B15CA00B9E0F4 /* main.m */; };
		9E669705134B15CB00B9E0F4 /* E_TipitakaAppDelegate.m in Sources */ = {isa = PBXBuildFile; fileRef = 9E669704134B15CB00B9E0F4 /* E_TipitakaAppDelegate.m */; };
		9E669708134B15CB00B9E0F4 /* E_Tipitaka.xcdatamodeld in Sources */ = {isa = PBXBuildFile; fileRef = 9E669706134B15CB00B9E0F4 /* E_Tipitaka.xcdatamodeld */; };
		9E66970C134B15CB00B9E0F4 /* E_TipitakaAppDelegate_iPhone.m in Sources */ = {isa = PBXBuildFile; fileRef = 9E66970B134B15CB00B9E0F4 /* E_TipitakaAppDelegate_iPhone.m */; };
		9E669713134B15CB00B9E0F4 /* E_TipitakaAppDelegate_iPad.m in Sources */ = {isa = PBXBuildFile; fileRef = 9E669712134B15CB00B9E0F4 /* E_TipitakaAppDelegate_iPad.m */; };
		9E669716134B15CB00B9E0F4 /* MainWindow_iPad.xib in Resources */ = {isa = PBXBuildFile; fileRef = 9E669714134B15CB00B9E0F4 /* MainWindow_iPad.xib */; };
		9E66973F134C574A00B9E0F4 /* Content.m in Sources */ = {isa = PBXBuildFile; fileRef = 9E669739134C574A00B9E0F4 /* Content.m */; };
		9E669740134C574A00B9E0F4 /* Bookmark.m in Sources */ = {isa = PBXBuildFile; fileRef = 9E66973B134C574A00B9E0F4 /* Bookmark.m */; };
		9E669741134C574A00B9E0F4 /* Item.m in Sources */ = {isa = PBXBuildFile; fileRef = 9E66973D134C574A00B9E0F4 /* Item.m */; };
		9E669745134C584300B9E0F4 /* TapDetectingWindow.m in Sources */ = {isa = PBXBuildFile; fileRef = 9E669744134C584300B9E0F4 /* TapDetectingWindow.m */; };
		9E66974D134C5AFD00B9E0F4 /* MainWindow_iPhone.xib in Resources */ = {isa = PBXBuildFile; fileRef = 9E66974C134C5AFD00B9E0F4 /* MainWindow_iPhone.xib */; };
		9E669754134C5C7B00B9E0F4 /* ReadViewController.xib in Resources */ = {isa = PBXBuildFile; fileRef = 9E66974E134C5C7800B9E0F4 /* ReadViewController.xib */; };
		9E669755134C5C7B00B9E0F4 /* SearchViewController.xib in Resources */ = {isa = PBXBuildFile; fileRef = 9E66974F134C5C7800B9E0F4 /* SearchViewController.xib */; };
		9E669756134C5C7B00B9E0F4 /* BookListTableViewController.xib in Resources */ = {isa = PBXBuildFile; fileRef = 9E669750134C5C7900B9E0F4 /* BookListTableViewController.xib */; };
		9E669757134C5C7B00B9E0F4 /* BookmarkAddViewController.xib in Resources */ = {isa = PBXBuildFile; fileRef = 9E669751134C5C7900B9E0F4 /* BookmarkAddViewController.xib */; };
		9E669758134C5C7B00B9E0F4 /* BookmarkListViewController.xib in Resources */ = {isa = PBXBuildFile; fileRef = 9E669752134C5C7A00B9E0F4 /* BookmarkListViewController.xib */; };
		9E669759134C5C7B00B9E0F4 /* SearchHistoryViewController.xib in Resources */ = {isa = PBXBuildFile; fileRef = 9E669753134C5C7A00B9E0F4 /* SearchHistoryViewController.xib */; };
		9E66976A134C5D3600B9E0F4 /* ReadViewController.m in Sources */ = {isa = PBXBuildFile; fileRef = 9E66975B134C5CF500B9E0F4 /* ReadViewController.m */; };
		9E66976B134C5D3600B9E0F4 /* SearchViewController.m in Sources */ = {isa = PBXBuildFile; fileRef = 9E66975D134C5CF600B9E0F4 /* SearchViewController.m */; };
		9E66976C134C5D3600B9E0F4 /* BookListTableViewController.m in Sources */ = {isa = PBXBuildFile; fileRef = 9E66975F134C5CF800B9E0F4 /* BookListTableViewController.m */; };
		9E66976D134C5D3600B9E0F4 /* BookmarkAddViewController.m in Sources */ = {isa = PBXBuildFile; fileRef = 9E669761134C5CFE00B9E0F4 /* BookmarkAddViewController.m */; };
		9E66976E134C5D3600B9E0F4 /* BookmarkListViewController.m in Sources */ = {isa = PBXBuildFile; fileRef = 9E669763134C5D0600B9E0F4 /* BookmarkListViewController.m */; };
		9E66976F134C5D3600B9E0F4 /* SearchHistoryViewController.m in Sources */ = {isa = PBXBuildFile; fileRef = 9E669765134C5D1000B9E0F4 /* SearchHistoryViewController.m */; };
		9E669770134C5D3600B9E0F4 /* iToast.m in Sources */ = {isa = PBXBuildFile; fileRef = 9E669767134C5D1F00B9E0F4 /* iToast.m */; };
		9E669771134C5D3600B9E0F4 /* Utils.m in Sources */ = {isa = PBXBuildFile; fileRef = 9E669769134C5D2D00B9E0F4 /* Utils.m */; };
		9E669773134C5DA300B9E0F4 /* Data.plist in Resources */ = {isa = PBXBuildFile; fileRef = 9E669772134C5DA200B9E0F4 /* Data.plist */; };
		9E669776134C8FCE00B9E0F4 /* icon_arrow_left.png in Resources */ = {isa = PBXBuildFile; fileRef = 9E669774134C8FC500B9E0F4 /* icon_arrow_left.png */; };
		9E669777134C8FCE00B9E0F4 /* icon_arrow_right.png in Resources */ = {isa = PBXBuildFile; fileRef = 9E669775134C8FC900B9E0F4 /* icon_arrow_right.png */; };
		9E66977A134C8FEB00B9E0F4 /* icon_zoom_in.png in Resources */ = {isa = PBXBuildFile; fileRef = 9E669778134C8FE400B9E0F4 /* icon_zoom_in.png */; };
		9E66977B134C8FEB00B9E0F4 /* icon_zoom_out.png in Resources */ = {isa = PBXBuildFile; fileRef = 9E669779134C8FE600B9E0F4 /* icon_zoom_out.png */; };
		9E66977D134C902800B9E0F4 /* icon_save.png in Resources */ = {isa = PBXBuildFile; fileRef = 9E66977C134C902500B9E0F4 /* icon_save.png */; };
		9E66977F134C903900B9E0F4 /* icon_refresh.png in Resources */ = {isa = PBXBuildFile; fileRef = 9E66977E134C903600B9E0F4 /* icon_refresh.png */; };
		9E669785134C9F7A00B9E0F4 /* 06-magnify.png in Resources */ = {isa = PBXBuildFile; fileRef = 9E669782134C9F6D00B9E0F4 /* 06-magnify.png */; };
		9E669786134C9F7A00B9E0F4 /* 28-star.png in Resources */ = {isa = PBXBuildFile; fileRef = 9E669783134C9F6F00B9E0F4 /* 28-star.png */; };
		9E669787134C9F7A00B9E0F4 /* 179-notepad.png in Resources */ = {isa = PBXBuildFile; fileRef = 9E669784134C9F7300B9E0F4 /* 179-notepad.png */; };
		9E6697CB134CBF1A00B9E0F4 /* ReadView_iPad.xib in Resources */ = {isa = PBXBuildFile; fileRef = 9E6697CA134CBF1900B9E0F4 /* ReadView_iPad.xib */; };
		9E6697E3134ECC2400B9E0F4 /* Icon.png in Resources */ = {isa = PBXBuildFile; fileRef = 9E6697DC134ECC2400B9E0F4 /* Icon.png */; };
		9E6697E4134ECC2400B9E0F4 /* Icon-72.png in Resources */ = {isa = PBXBuildFile; fileRef = 9E6697DD134ECC2400B9E0F4 /* Icon-72.png */; };
		9E6697E5134ECC2400B9E0F4 /* Icon-Small.png in Resources */ = {isa = PBXBuildFile; fileRef = 9E6697DE134ECC2400B9E0F4 /* Icon-Small.png */; };
		9E6697E6134ECC2400B9E0F4 /* Icon@2x.png in Resources */ = {isa = PBXBuildFile; fileRef = 9E6697DF134ECC2400B9E0F4 /* Icon@2x.png */; };
		9E6697E7134ECC2400B9E0F4 /* iTunesArtwork in Resources */ = {isa = PBXBuildFile; fileRef = 9E6697E0134ECC2400B9E0F4 /* iTunesArtwork */; };
		9E6851FD142E2D52001D458C /* icon_document.png in Resources */ = {isa = PBXBuildFile; fileRef = 9E6851FC142E2D52001D458C /* icon_document.png */; };
		9EA21D0B134F3EBE00C17FD6 /* Pages.plist in Resources */ = {isa = PBXBuildFile; fileRef = 9EA21D0A134F3EBC00C17FD6 /* Pages.plist */; };
		9EA21D0E134F5C6400C17FD6 /* Items.plist in Resources */ = {isa = PBXBuildFile; fileRef = 9EA21D0D134F5C6000C17FD6 /* Items.plist */; };
		9EA859F4135011F6002195A6 /* Names.plist in Resources */ = {isa = PBXBuildFile; fileRef = 9EA859F3135011F6002195A6 /* Names.plist */; };
		9EA8F3F713782BB800BEE728 /* Default-Landscape~ipad.png in Resources */ = {isa = PBXBuildFile; fileRef = 9EA8F3F213782BB800BEE728 /* Default-Landscape~ipad.png */; };
		9EA8F3F813782BB800BEE728 /* Default-Portrait~ipad.png in Resources */ = {isa = PBXBuildFile; fileRef = 9EA8F3F313782BB800BEE728 /* Default-Portrait~ipad.png */; };
		9EA8F3F913782BB800BEE728 /* Default.png in Resources */ = {isa = PBXBuildFile; fileRef = 9EA8F3F413782BB800BEE728 /* Default.png */; };
		9EA8F3FA13782BB800BEE728 /* Default@2x.png in Resources */ = {isa = PBXBuildFile; fileRef = 9EA8F3F513782BB800BEE728 /* Default@2x.png */; };
		9EA8F3FB13782BB800BEE728 /* Default~ipad.png in Resources */ = {isa = PBXBuildFile; fileRef = 9EA8F3F613782BB800BEE728 /* Default~ipad.png */; };
		9EAF954C13D163D30010CABD /* PaliThai.plist in Resources */ = {isa = PBXBuildFile; fileRef = 9EAF954B13D163D30010CABD /* PaliThai.plist */; };
		9EAF955A13D1AD540010CABD /* DictionaryListViewController.m in Sources */ = {isa = PBXBuildFile; fileRef = 9EAF955813D1AD530010CABD /* DictionaryListViewController.m */; };
		9EAF955B13D1AD540010CABD /* DictionaryListView_iPad.xib in Resources */ = {isa = PBXBuildFile; fileRef = 9EAF955913D1AD540010CABD /* DictionaryListView_iPad.xib */; };
		9EAF955E13D1C6720010CABD /* PaliThai.m in Sources */ = {isa = PBXBuildFile; fileRef = 9EAF955D13D1C6710010CABD /* PaliThai.m */; };
		9EC2A854136267FA0082BBB7 /* Entitlements.plist in Resources */ = {isa = PBXBuildFile; fileRef = 9EC2A853136267FA0082BBB7 /* Entitlements.plist */; };
/* End PBXBuildFile section */

/* Begin PBXFileReference section */
		9E0BD4271379794C00228694 /* E_Tipitaka 2.xcdatamodel */ = {isa = PBXFileReference; lastKnownFileType = wrapper.xcdatamodel; path = "E_Tipitaka 2.xcdatamodel"; sourceTree = "<group>"; };
		9E10C31A141A65DD005E60FC /* ContentView.xib */ = {isa = PBXFileReference; fileEncoding = 4; lastKnownFileType = file.xib; path = ContentView.xib; sourceTree = "<group>"; };
		9E10C56E141B183D005E60FC /* ContentViewController.h */ = {isa = PBXFileReference; fileEncoding = 4; lastKnownFileType = sourcecode.c.h; path = ContentViewController.h; sourceTree = "<group>"; };
		9E10C56F141B183D005E60FC /* ContentViewController.m */ = {isa = PBXFileReference; fileEncoding = 4; lastKnownFileType = sourcecode.c.objc; path = ContentViewController.m; sourceTree = "<group>"; };
		9E10C573141B1B51005E60FC /* QueryHelper.h */ = {isa = PBXFileReference; fileEncoding = 4; lastKnownFileType = sourcecode.c.h; path = QueryHelper.h; sourceTree = "<group>"; };
		9E10C574141B1B51005E60FC /* QueryHelper.m */ = {isa = PBXFileReference; fileEncoding = 4; lastKnownFileType = sourcecode.c.objc; path = QueryHelper.m; sourceTree = "<group>"; };
		9E10C57A141B1C5F005E60FC /* ContentInfo.h */ = {isa = PBXFileReference; fileEncoding = 4; lastKnownFileType = sourcecode.c.h; path = ContentInfo.h; sourceTree = "<group>"; };
		9E10C57B141B1C5F005E60FC /* ContentInfo.m */ = {isa = PBXFileReference; fileEncoding = 4; lastKnownFileType = sourcecode.c.objc; path = ContentInfo.m; sourceTree = "<group>"; };
		9E10C57E141B2BE6005E60FC /* ContentInfoType.h */ = {isa = PBXFileReference; fileEncoding = 4; lastKnownFileType = sourcecode.c.h; path = ContentInfoType.h; sourceTree = "<group>"; };
		9E10C57F141B2BE6005E60FC /* ContentInfoType.m */ = {isa = PBXFileReference; fileEncoding = 4; lastKnownFileType = sourcecode.c.objc; path = ContentInfoType.m; sourceTree = "<group>"; };
		9E10EA7713C88B6800DCA4B4 /* E_Tipitaka.sqlite */ = {isa = PBXFileReference; lastKnownFileType = file; path = E_Tipitaka.sqlite; sourceTree = "<group>"; };
		9E138969141B750C00C350B0 /* BaseReadViewController.h */ = {isa = PBXFileReference; fileEncoding = 4; lastKnownFileType = sourcecode.c.h; path = BaseReadViewController.h; sourceTree = "<group>"; };
		9E13896A141B750C00C350B0 /* BaseReadViewController.m */ = {isa = PBXFileReference; fileEncoding = 4; lastKnownFileType = sourcecode.c.objc; path = BaseReadViewController.m; sourceTree = "<group>"; };
		9E138973141B80EB00C350B0 /* PadReadViewController.h */ = {isa = PBXFileReference; fileEncoding = 4; lastKnownFileType = sourcecode.c.h; path = PadReadViewController.h; sourceTree = "<group>"; };
		9E138974141B80EB00C350B0 /* PadReadViewController.m */ = {isa = PBXFileReference; fileEncoding = 4; lastKnownFileType = sourcecode.c.objc; path = PadReadViewController.m; sourceTree = "<group>"; };
		9E13897C141B8E7700C350B0 /* UITextInputAlertView.h */ = {isa = PBXFileReference; fileEncoding = 4; lastKnownFileType = sourcecode.c.h; path = UITextInputAlertView.h; sourceTree = "<group>"; };
		9E13897D141B8E7700C350B0 /* UITextInputAlertView.m */ = {isa = PBXFileReference; fileEncoding = 4; lastKnownFileType = sourcecode.c.objc; path = UITextInputAlertView.m; sourceTree = "<group>"; };
		9E138981141BA32C00C350B0 /* Command.h */ = {isa = PBXFileReference; fileEncoding = 4; lastKnownFileType = sourcecode.c.h; path = Command.h; sourceTree = "<group>"; };
		9E138982141BA32C00C350B0 /* Command.m */ = {isa = PBXFileReference; fileEncoding = 4; lastKnownFileType = sourcecode.c.objc; path = Command.m; sourceTree = "<group>"; };
		9E1556BF149726DB00E1044B /* libz.1.2.5.dylib */ = {isa = PBXFileReference; lastKnownFileType = "compiled.mach-o.dylib"; name = libz.1.2.5.dylib; path = usr/lib/libz.1.2.5.dylib; sourceTree = SDKROOT; };
		9E1721F51366C4C00011891C /* libz.1.2.3.dylib */ = {isa = PBXFileReference; lastKnownFileType = "compiled.mach-o.dylib"; name = libz.1.2.3.dylib; path = usr/lib/libz.1.2.3.dylib; sourceTree = SDKROOT; };
		9E1721F81366C4F90011891C /* crypt.h */ = {isa = PBXFileReference; fileEncoding = 4; lastKnownFileType = sourcecode.c.h; path = crypt.h; sourceTree = "<group>"; };
		9E1721F91366C4F90011891C /* ioapi.c */ = {isa = PBXFileReference; fileEncoding = 4; lastKnownFileType = sourcecode.c.c; path = ioapi.c; sourceTree = "<group>"; };
		9E1721FA1366C4F90011891C /* ioapi.h */ = {isa = PBXFileReference; fileEncoding = 4; lastKnownFileType = sourcecode.c.h; path = ioapi.h; sourceTree = "<group>"; };
		9E1721FB1366C4F90011891C /* mztools.c */ = {isa = PBXFileReference; fileEncoding = 4; lastKnownFileType = sourcecode.c.c; path = mztools.c; sourceTree = "<group>"; };
		9E1721FC1366C4F90011891C /* mztools.h */ = {isa = PBXFileReference; fileEncoding = 4; lastKnownFileType = sourcecode.c.h; path = mztools.h; sourceTree = "<group>"; };
		9E1721FD1366C4F90011891C /* unzip.c */ = {isa = PBXFileReference; fileEncoding = 4; lastKnownFileType = sourcecode.c.c; path = unzip.c; sourceTree = "<group>"; };
		9E1721FE1366C4F90011891C /* unzip.h */ = {isa = PBXFileReference; fileEncoding = 4; lastKnownFileType = sourcecode.c.h; path = unzip.h; sourceTree = "<group>"; };
		9E1721FF1366C4F90011891C /* zip.c */ = {isa = PBXFileReference; fileEncoding = 4; lastKnownFileType = sourcecode.c.c; path = zip.c; sourceTree = "<group>"; };
		9E1722001366C4F90011891C /* zip.h */ = {isa = PBXFileReference; fileEncoding = 4; lastKnownFileType = sourcecode.c.h; path = zip.h; sourceTree = "<group>"; };
		9E1722011366C4F90011891C /* ZipArchive.h */ = {isa = PBXFileReference; fileEncoding = 4; lastKnownFileType = sourcecode.c.h; path = ZipArchive.h; sourceTree = "<group>"; };
		9E1722021366C4F90011891C /* ZipArchive.mm */ = {isa = PBXFileReference; fileEncoding = 4; lastKnownFileType = sourcecode.cpp.objcpp; path = ZipArchive.mm; sourceTree = "<group>"; };
		9E3029D913E85BBE00F923F7 /* E_Tipitaka 9.xcdatamodel */ = {isa = PBXFileReference; lastKnownFileType = wrapper.xcdatamodel; path = "E_Tipitaka 9.xcdatamodel"; sourceTree = "<group>"; };
		9E326FA6138C03B300ED66AE /* DoubleReadView_iPad.xib */ = {isa = PBXFileReference; fileEncoding = 4; lastKnownFileType = file.xib; path = DoubleReadView_iPad.xib; sourceTree = "<group>"; };
		9E326FB1138D30F700ED66AE /* star_big_off.png */ = {isa = PBXFileReference; lastKnownFileType = image.png; path = star_big_off.png; sourceTree = "<group>"; };
		9E326FB2138D30F700ED66AE /* star_big_on.png */ = {isa = PBXFileReference; lastKnownFileType = image.png; path = star_big_on.png; sourceTree = "<group>"; };
		9E326FB6138D36D900ED66AE /* star_off.png */ = {isa = PBXFileReference; lastKnownFileType = image.png; path = star_off.png; sourceTree = "<group>"; };
		9E326FB7138D36D900ED66AE /* star_on.png */ = {isa = PBXFileReference; lastKnownFileType = image.png; path = star_on.png; sourceTree = "<group>"; };
		9E326FBA138D393000ED66AE /* E_Tipitaka 3.xcdatamodel */ = {isa = PBXFileReference; lastKnownFileType = wrapper.xcdatamodel; path = "E_Tipitaka 3.xcdatamodel"; sourceTree = "<group>"; };
		9E326FBE138D445600ED66AE /* History.h */ = {isa = PBXFileReference; fileEncoding = 4; lastKnownFileType = sourcecode.c.h; path = History.h; sourceTree = "<group>"; };
		9E326FBF138D445600ED66AE /* History.m */ = {isa = PBXFileReference; fileEncoding = 4; lastKnownFileType = sourcecode.c.objc; path = History.m; sourceTree = "<group>"; };
		9E326FC9138E0ECD00ED66AE /* rate_star_big_off.png */ = {isa = PBXFileReference; lastKnownFileType = image.png; path = rate_star_big_off.png; sourceTree = "<group>"; };
		9E326FCA138E0ECD00ED66AE /* rate_star_big_on.png */ = {isa = PBXFileReference; lastKnownFileType = image.png; path = rate_star_big_on.png; sourceTree = "<group>"; };
		9E326FCE138E0EE700ED66AE /* rate_star_small_off.png */ = {isa = PBXFileReference; lastKnownFileType = image.png; path = rate_star_small_off.png; sourceTree = "<group>"; };
		9E326FCF138E0EE700ED66AE /* rate_star_small_on.png */ = {isa = PBXFileReference; lastKnownFileType = image.png; path = rate_star_small_on.png; sourceTree = "<group>"; };
		9E326FD4138E167200ED66AE /* ic_menu_edit.png */ = {isa = PBXFileReference; lastKnownFileType = image.png; path = ic_menu_edit.png; sourceTree = "<group>"; };
		9E326FD6138E1B6C00ED66AE /* BookmarkEditViewController.h */ = {isa = PBXFileReference; fileEncoding = 4; lastKnownFileType = sourcecode.c.h; path = BookmarkEditViewController.h; sourceTree = "<group>"; };
		9E326FD7138E1B6C00ED66AE /* BookmarkEditViewController.m */ = {isa = PBXFileReference; fileEncoding = 4; lastKnownFileType = sourcecode.c.objc; path = BookmarkEditViewController.m; sourceTree = "<group>"; };
		9E326FD8138E1B6C00ED66AE /* BookmarkEditViewController.xib */ = {isa = PBXFileReference; fileEncoding = 4; lastKnownFileType = file.xib; path = BookmarkEditViewController.xib; sourceTree = "<group>"; };
		9E326FE6138E3EE900ED66AE /* DoubleReadViewController.h */ = {isa = PBXFileReference; fileEncoding = 4; lastKnownFileType = sourcecode.c.h; path = DoubleReadViewController.h; sourceTree = "<group>"; };
		9E326FE7138E3EE900ED66AE /* DoubleReadViewController.m */ = {isa = PBXFileReference; fileEncoding = 4; lastKnownFileType = sourcecode.c.objc; path = DoubleReadViewController.m; sourceTree = "<group>"; };
		9E326FEA138F69C500ED66AE /* E_Tipitaka 4.xcdatamodel */ = {isa = PBXFileReference; lastKnownFileType = wrapper.xcdatamodel; path = "E_Tipitaka 4.xcdatamodel"; sourceTree = "<group>"; };
		9E326FF3138F6EBE00ED66AE /* stage_01.png */ = {isa = PBXFileReference; lastKnownFileType = image.png; path = stage_01.png; sourceTree = "<group>"; };
		9E326FF4138F6EBE00ED66AE /* stage_02.png */ = {isa = PBXFileReference; lastKnownFileType = image.png; path = stage_02.png; sourceTree = "<group>"; };
		9E326FF5138F6EBE00ED66AE /* stage_03.png */ = {isa = PBXFileReference; lastKnownFileType = image.png; path = stage_03.png; sourceTree = "<group>"; };
		9E326FF6138F6EBE00ED66AE /* stage_04.png */ = {isa = PBXFileReference; lastKnownFileType = image.png; path = stage_04.png; sourceTree = "<group>"; };
		9E32700C13908F2E00ED66AE /* E_Tipitaka 5.xcdatamodel */ = {isa = PBXFileReference; lastKnownFileType = wrapper.xcdatamodel; path = "E_Tipitaka 5.xcdatamodel"; sourceTree = "<group>"; };
		9E3DA8D7137862D00092521B /* Icon-Small@2x.png */ = {isa = PBXFileReference; lastKnownFileType = image.png; path = "Icon-Small@2x.png"; sourceTree = "<group>"; };
		9E3DA8D8137862D00092521B /* Icon-Small-50.png */ = {isa = PBXFileReference; lastKnownFileType = image.png; path = "Icon-Small-50.png"; sourceTree = "<group>"; };
		9E4B9C891419B571000DD263 /* Tests.app */ = {isa = PBXFileReference; explicitFileType = wrapper.application; includeInIndex = 0; path = Tests.app; sourceTree = BUILT_PRODUCTS_DIR; };
		9E4B9C901419B571000DD263 /* Tests-Info.plist */ = {isa = PBXFileReference; lastKnownFileType = text.plist.xml; path = "Tests-Info.plist"; sourceTree = "<group>"; };
		9E4B9C921419B571000DD263 /* en */ = {isa = PBXFileReference; lastKnownFileType = text.plist.strings; name = en; path = en.lproj/InfoPlist.strings; sourceTree = "<group>"; };
		9E4B9C941419B571000DD263 /* main.m */ = {isa = PBXFileReference; lastKnownFileType = sourcecode.c.objc; path = main.m; sourceTree = "<group>"; };
		9E4B9C961419B571000DD263 /* Tests-Prefix.pch */ = {isa = PBXFileReference; lastKnownFileType = sourcecode.c.h; path = "Tests-Prefix.pch"; sourceTree = "<group>"; };
		9E4B9CB21419BACC000DD263 /* GHUnitIOS.framework */ = {isa = PBXFileReference; lastKnownFileType = wrapper.framework; name = GHUnitIOS.framework; path = "external-libs/gh-unit/Project-iOS/build/Framework/GHUnitIOS.framework"; sourceTree = "<group>"; };
		9E4B9CB51419BF5E000DD263 /* MyTest.m */ = {isa = PBXFileReference; fileEncoding = 4; lastKnownFileType = sourcecode.c.objc; path = MyTest.m; sourceTree = "<group>"; };
		9E57771D142C817800E27FC9 /* SpecificedLanguageReadViewController.h */ = {isa = PBXFileReference; fileEncoding = 4; lastKnownFileType = sourcecode.c.h; path = SpecificedLanguageReadViewController.h; sourceTree = "<group>"; };
		9E57771E142C817800E27FC9 /* SpecificedLanguageReadViewController.m */ = {isa = PBXFileReference; fileEncoding = 4; lastKnownFileType = sourcecode.c.objc; path = SpecificedLanguageReadViewController.m; sourceTree = "<group>"; };
		9E61E400140C8354009A5FD0 /* page.html */ = {isa = PBXFileReference; fileEncoding = 4; lastKnownFileType = text.html; path = page.html; sourceTree = "<group>"; };
		9E6696EE134B15CA00B9E0F4 /* E-Tipitaka.app */ = {isa = PBXFileReference; explicitFileType = wrapper.application; includeInIndex = 0; path = "E-Tipitaka.app"; sourceTree = BUILT_PRODUCTS_DIR; };
		9E6696F2134B15CA00B9E0F4 /* UIKit.framework */ = {isa = PBXFileReference; lastKnownFileType = wrapper.framework; name = UIKit.framework; path = System/Library/Frameworks/UIKit.framework; sourceTree = SDKROOT; };
		9E6696F4134B15CA00B9E0F4 /* Foundation.framework */ = {isa = PBXFileReference; lastKnownFileType = wrapper.framework; name = Foundation.framework; path = System/Library/Frameworks/Foundation.framework; sourceTree = SDKROOT; };
		9E6696F6134B15CA00B9E0F4 /* CoreGraphics.framework */ = {isa = PBXFileReference; lastKnownFileType = wrapper.framework; name = CoreGraphics.framework; path = System/Library/Frameworks/CoreGraphics.framework; sourceTree = SDKROOT; };
		9E6696F8134B15CA00B9E0F4 /* CoreData.framework */ = {isa = PBXFileReference; lastKnownFileType = wrapper.framework; name = CoreData.framework; path = System/Library/Frameworks/CoreData.framework; sourceTree = SDKROOT; };
		9E6696FC134B15CA00B9E0F4 /* E-Tipitaka-Info.plist */ = {isa = PBXFileReference; lastKnownFileType = text.plist.xml; path = "E-Tipitaka-Info.plist"; sourceTree = "<group>"; };
		9E6696FE134B15CA00B9E0F4 /* en */ = {isa = PBXFileReference; lastKnownFileType = text.plist.strings; name = en; path = en.lproj/InfoPlist.strings; sourceTree = "<group>"; };
		9E669700134B15CA00B9E0F4 /* E-Tipitaka-Prefix.pch */ = {isa = PBXFileReference; lastKnownFileType = sourcecode.c.h; path = "E-Tipitaka-Prefix.pch"; sourceTree = "<group>"; };
		9E669701134B15CA00B9E0F4 /* main.m */ = {isa = PBXFileReference; lastKnownFileType = sourcecode.c.objc; path = main.m; sourceTree = "<group>"; };
		9E669703134B15CB00B9E0F4 /* E_TipitakaAppDelegate.h */ = {isa = PBXFileReference; lastKnownFileType = sourcecode.c.h; path = E_TipitakaAppDelegate.h; sourceTree = "<group>"; };
		9E669704134B15CB00B9E0F4 /* E_TipitakaAppDelegate.m */ = {isa = PBXFileReference; fileEncoding = 4; lastKnownFileType = sourcecode.c.objc; path = E_TipitakaAppDelegate.m; sourceTree = "<group>"; };
		9E669707134B15CB00B9E0F4 /* E_Tipitaka.xcdatamodel */ = {isa = PBXFileReference; lastKnownFileType = wrapper.xcdatamodel; path = E_Tipitaka.xcdatamodel; sourceTree = "<group>"; };
		9E66970A134B15CB00B9E0F4 /* E_TipitakaAppDelegate_iPhone.h */ = {isa = PBXFileReference; lastKnownFileType = sourcecode.c.h; name = E_TipitakaAppDelegate_iPhone.h; path = iPhone/E_TipitakaAppDelegate_iPhone.h; sourceTree = "<group>"; };
		9E66970B134B15CB00B9E0F4 /* E_TipitakaAppDelegate_iPhone.m */ = {isa = PBXFileReference; lastKnownFileType = sourcecode.c.objc; name = E_TipitakaAppDelegate_iPhone.m; path = iPhone/E_TipitakaAppDelegate_iPhone.m; sourceTree = "<group>"; };
		9E669711134B15CB00B9E0F4 /* E_TipitakaAppDelegate_iPad.h */ = {isa = PBXFileReference; lastKnownFileType = sourcecode.c.h; name = E_TipitakaAppDelegate_iPad.h; path = iPad/E_TipitakaAppDelegate_iPad.h; sourceTree = "<group>"; };
		9E669712134B15CB00B9E0F4 /* E_TipitakaAppDelegate_iPad.m */ = {isa = PBXFileReference; lastKnownFileType = sourcecode.c.objc; name = E_TipitakaAppDelegate_iPad.m; path = iPad/E_TipitakaAppDelegate_iPad.m; sourceTree = "<group>"; };
		9E669715134B15CB00B9E0F4 /* en */ = {isa = PBXFileReference; lastKnownFileType = file.xib; name = en; path = iPad/en.lproj/MainWindow_iPad.xib; sourceTree = "<group>"; };
		9E669738134C574A00B9E0F4 /* Content.h */ = {isa = PBXFileReference; fileEncoding = 4; lastKnownFileType = sourcecode.c.h; path = Content.h; sourceTree = "<group>"; };
		9E669739134C574A00B9E0F4 /* Content.m */ = {isa = PBXFileReference; fileEncoding = 4; lastKnownFileType = sourcecode.c.objc; path = Content.m; sourceTree = "<group>"; };
		9E66973A134C574A00B9E0F4 /* Bookmark.h */ = {isa = PBXFileReference; fileEncoding = 4; lastKnownFileType = sourcecode.c.h; path = Bookmark.h; sourceTree = "<group>"; };
		9E66973B134C574A00B9E0F4 /* Bookmark.m */ = {isa = PBXFileReference; fileEncoding = 4; lastKnownFileType = sourcecode.c.objc; path = Bookmark.m; sourceTree = "<group>"; };
		9E66973C134C574A00B9E0F4 /* Item.h */ = {isa = PBXFileReference; fileEncoding = 4; lastKnownFileType = sourcecode.c.h; path = Item.h; sourceTree = "<group>"; };
		9E66973D134C574A00B9E0F4 /* Item.m */ = {isa = PBXFileReference; fileEncoding = 4; lastKnownFileType = sourcecode.c.objc; path = Item.m; sourceTree = "<group>"; };
		9E669743134C584300B9E0F4 /* TapDetectingWindow.h */ = {isa = PBXFileReference; fileEncoding = 4; lastKnownFileType = sourcecode.c.h; path = TapDetectingWindow.h; sourceTree = "<group>"; };
		9E669744134C584300B9E0F4 /* TapDetectingWindow.m */ = {isa = PBXFileReference; fileEncoding = 4; lastKnownFileType = sourcecode.c.objc; path = TapDetectingWindow.m; sourceTree = "<group>"; };
		9E66974C134C5AFD00B9E0F4 /* MainWindow_iPhone.xib */ = {isa = PBXFileReference; fileEncoding = 4; lastKnownFileType = file.xib; path = MainWindow_iPhone.xib; sourceTree = "<group>"; };
		9E66974E134C5C7800B9E0F4 /* ReadViewController.xib */ = {isa = PBXFileReference; fileEncoding = 4; lastKnownFileType = file.xib; path = ReadViewController.xib; sourceTree = "<group>"; };
		9E66974F134C5C7800B9E0F4 /* SearchViewController.xib */ = {isa = PBXFileReference; fileEncoding = 4; lastKnownFileType = file.xib; path = SearchViewController.xib; sourceTree = "<group>"; };
		9E669750134C5C7900B9E0F4 /* BookListTableViewController.xib */ = {isa = PBXFileReference; fileEncoding = 4; lastKnownFileType = file.xib; path = BookListTableViewController.xib; sourceTree = "<group>"; };
		9E669751134C5C7900B9E0F4 /* BookmarkAddViewController.xib */ = {isa = PBXFileReference; fileEncoding = 4; lastKnownFileType = file.xib; path = BookmarkAddViewController.xib; sourceTree = "<group>"; };
		9E669752134C5C7A00B9E0F4 /* BookmarkListViewController.xib */ = {isa = PBXFileReference; fileEncoding = 4; lastKnownFileType = file.xib; path = BookmarkListViewController.xib; sourceTree = "<group>"; };
		9E669753134C5C7A00B9E0F4 /* SearchHistoryViewController.xib */ = {isa = PBXFileReference; fileEncoding = 4; lastKnownFileType = file.xib; path = SearchHistoryViewController.xib; sourceTree = "<group>"; };
		9E66975A134C5CF400B9E0F4 /* ReadViewController.h */ = {isa = PBXFileReference; fileEncoding = 4; lastKnownFileType = sourcecode.c.h; path = ReadViewController.h; sourceTree = "<group>"; };
		9E66975B134C5CF500B9E0F4 /* ReadViewController.m */ = {isa = PBXFileReference; fileEncoding = 4; lastKnownFileType = sourcecode.c.objc; path = ReadViewController.m; sourceTree = "<group>"; };
		9E66975C134C5CF500B9E0F4 /* SearchViewController.h */ = {isa = PBXFileReference; fileEncoding = 4; lastKnownFileType = sourcecode.c.h; path = SearchViewController.h; sourceTree = "<group>"; };
		9E66975D134C5CF600B9E0F4 /* SearchViewController.m */ = {isa = PBXFileReference; fileEncoding = 4; lastKnownFileType = sourcecode.c.objc; path = SearchViewController.m; sourceTree = "<group>"; };
		9E66975E134C5CF700B9E0F4 /* BookListTableViewController.h */ = {isa = PBXFileReference; fileEncoding = 4; lastKnownFileType = sourcecode.c.h; path = BookListTableViewController.h; sourceTree = "<group>"; };
		9E66975F134C5CF800B9E0F4 /* BookListTableViewController.m */ = {isa = PBXFileReference; fileEncoding = 4; lastKnownFileType = sourcecode.c.objc; path = BookListTableViewController.m; sourceTree = "<group>"; };
		9E669760134C5CFB00B9E0F4 /* BookmarkAddViewController.h */ = {isa = PBXFileReference; fileEncoding = 4; lastKnownFileType = sourcecode.c.h; path = BookmarkAddViewController.h; sourceTree = "<group>"; };
		9E669761134C5CFE00B9E0F4 /* BookmarkAddViewController.m */ = {isa = PBXFileReference; fileEncoding = 4; lastKnownFileType = sourcecode.c.objc; path = BookmarkAddViewController.m; sourceTree = "<group>"; };
		9E669762134C5D0200B9E0F4 /* BookmarkListViewController.h */ = {isa = PBXFileReference; fileEncoding = 4; lastKnownFileType = sourcecode.c.h; path = BookmarkListViewController.h; sourceTree = "<group>"; };
		9E669763134C5D0600B9E0F4 /* BookmarkListViewController.m */ = {isa = PBXFileReference; fileEncoding = 4; lastKnownFileType = sourcecode.c.objc; path = BookmarkListViewController.m; sourceTree = "<group>"; };
		9E669764134C5D0A00B9E0F4 /* SearchHistoryViewController.h */ = {isa = PBXFileReference; fileEncoding = 4; lastKnownFileType = sourcecode.c.h; path = SearchHistoryViewController.h; sourceTree = "<group>"; };
		9E669765134C5D1000B9E0F4 /* SearchHistoryViewController.m */ = {isa = PBXFileReference; fileEncoding = 4; lastKnownFileType = sourcecode.c.objc; path = SearchHistoryViewController.m; sourceTree = "<group>"; };
		9E669766134C5D1800B9E0F4 /* iToast.h */ = {isa = PBXFileReference; fileEncoding = 4; lastKnownFileType = sourcecode.c.h; path = iToast.h; sourceTree = "<group>"; };
		9E669767134C5D1F00B9E0F4 /* iToast.m */ = {isa = PBXFileReference; fileEncoding = 4; lastKnownFileType = sourcecode.c.objc; path = iToast.m; sourceTree = "<group>"; };
		9E669768134C5D2500B9E0F4 /* Utils.h */ = {isa = PBXFileReference; fileEncoding = 4; lastKnownFileType = sourcecode.c.h; path = Utils.h; sourceTree = "<group>"; };
		9E669769134C5D2D00B9E0F4 /* Utils.m */ = {isa = PBXFileReference; fileEncoding = 4; lastKnownFileType = sourcecode.c.objc; path = Utils.m; sourceTree = "<group>"; };
		9E669772134C5DA200B9E0F4 /* Data.plist */ = {isa = PBXFileReference; fileEncoding = 4; lastKnownFileType = text.plist.xml; path = Data.plist; sourceTree = "<group>"; };
		9E669774134C8FC500B9E0F4 /* icon_arrow_left.png */ = {isa = PBXFileReference; lastKnownFileType = image.png; path = icon_arrow_left.png; sourceTree = "<group>"; };
		9E669775134C8FC900B9E0F4 /* icon_arrow_right.png */ = {isa = PBXFileReference; lastKnownFileType = image.png; path = icon_arrow_right.png; sourceTree = "<group>"; };
		9E669778134C8FE400B9E0F4 /* icon_zoom_in.png */ = {isa = PBXFileReference; lastKnownFileType = image.png; path = icon_zoom_in.png; sourceTree = "<group>"; };
		9E669779134C8FE600B9E0F4 /* icon_zoom_out.png */ = {isa = PBXFileReference; lastKnownFileType = image.png; path = icon_zoom_out.png; sourceTree = "<group>"; };
		9E66977C134C902500B9E0F4 /* icon_save.png */ = {isa = PBXFileReference; lastKnownFileType = image.png; path = icon_save.png; sourceTree = "<group>"; };
		9E66977E134C903600B9E0F4 /* icon_refresh.png */ = {isa = PBXFileReference; lastKnownFileType = image.png; path = icon_refresh.png; sourceTree = "<group>"; };
		9E669782134C9F6D00B9E0F4 /* 06-magnify.png */ = {isa = PBXFileReference; lastKnownFileType = image.png; path = "06-magnify.png"; sourceTree = "<group>"; };
		9E669783134C9F6F00B9E0F4 /* 28-star.png */ = {isa = PBXFileReference; lastKnownFileType = image.png; path = "28-star.png"; sourceTree = "<group>"; };
		9E669784134C9F7300B9E0F4 /* 179-notepad.png */ = {isa = PBXFileReference; lastKnownFileType = image.png; path = "179-notepad.png"; sourceTree = "<group>"; };
		9E6697CA134CBF1900B9E0F4 /* ReadView_iPad.xib */ = {isa = PBXFileReference; fileEncoding = 4; lastKnownFileType = file.xib; path = ReadView_iPad.xib; sourceTree = "<group>"; };
		9E6697DC134ECC2400B9E0F4 /* Icon.png */ = {isa = PBXFileReference; lastKnownFileType = image.png; path = Icon.png; sourceTree = "<group>"; };
		9E6697DD134ECC2400B9E0F4 /* Icon-72.png */ = {isa = PBXFileReference; lastKnownFileType = image.png; path = "Icon-72.png"; sourceTree = "<group>"; };
		9E6697DE134ECC2400B9E0F4 /* Icon-Small.png */ = {isa = PBXFileReference; lastKnownFileType = image.png; path = "Icon-Small.png"; sourceTree = "<group>"; };
		9E6697DF134ECC2400B9E0F4 /* Icon@2x.png */ = {isa = PBXFileReference; lastKnownFileType = image.png; path = "Icon@2x.png"; sourceTree = "<group>"; };
		9E6697E0134ECC2400B9E0F4 /* iTunesArtwork */ = {isa = PBXFileReference; lastKnownFileType = file; path = iTunesArtwork; sourceTree = "<group>"; };
		9E6851FC142E2D52001D458C /* icon_document.png */ = {isa = PBXFileReference; lastKnownFileType = image.png; path = icon_document.png; sourceTree = "<group>"; };
		9EA21D0A134F3EBC00C17FD6 /* Pages.plist */ = {isa = PBXFileReference; fileEncoding = 4; lastKnownFileType = text.plist.xml; path = Pages.plist; sourceTree = "<group>"; };
		9EA21D0D134F5C6000C17FD6 /* Items.plist */ = {isa = PBXFileReference; fileEncoding = 4; lastKnownFileType = text.plist.xml; path = Items.plist; sourceTree = "<group>"; };
		9EA859F3135011F6002195A6 /* Names.plist */ = {isa = PBXFileReference; fileEncoding = 4; lastKnownFileType = text.plist.xml; path = Names.plist; sourceTree = "<group>"; };
		9EA8F3F213782BB800BEE728 /* Default-Landscape~ipad.png */ = {isa = PBXFileReference; lastKnownFileType = image.png; path = "Default-Landscape~ipad.png"; sourceTree = "<group>"; };
		9EA8F3F313782BB800BEE728 /* Default-Portrait~ipad.png */ = {isa = PBXFileReference; lastKnownFileType = image.png; path = "Default-Portrait~ipad.png"; sourceTree = "<group>"; };
		9EA8F3F413782BB800BEE728 /* Default.png */ = {isa = PBXFileReference; lastKnownFileType = image.png; path = Default.png; sourceTree = "<group>"; };
		9EA8F3F513782BB800BEE728 /* Default@2x.png */ = {isa = PBXFileReference; lastKnownFileType = image.png; path = "Default@2x.png"; sourceTree = "<group>"; };
		9EA8F3F613782BB800BEE728 /* Default~ipad.png */ = {isa = PBXFileReference; lastKnownFileType = image.png; path = "Default~ipad.png"; sourceTree = "<group>"; };
		9EAF954913D155DF0010CABD /* E_Tipitaka 6.xcdatamodel */ = {isa = PBXFileReference; lastKnownFileType = wrapper.xcdatamodel; path = "E_Tipitaka 6.xcdatamodel"; sourceTree = "<group>"; };
		9EAF954B13D163D30010CABD /* PaliThai.plist */ = {isa = PBXFileReference; fileEncoding = 4; lastKnownFileType = text.plist.xml; path = PaliThai.plist; sourceTree = "<group>"; };
		9EAF955713D1AD530010CABD /* DictionaryListViewController.h */ = {isa = PBXFileReference; fileEncoding = 4; lastKnownFileType = sourcecode.c.h; path = DictionaryListViewController.h; sourceTree = "<group>"; };
		9EAF955813D1AD530010CABD /* DictionaryListViewController.m */ = {isa = PBXFileReference; fileEncoding = 4; lastKnownFileType = sourcecode.c.objc; path = DictionaryListViewController.m; sourceTree = "<group>"; };
		9EAF955913D1AD540010CABD /* DictionaryListView_iPad.xib */ = {isa = PBXFileReference; fileEncoding = 4; lastKnownFileType = file.xib; path = DictionaryListView_iPad.xib; sourceTree = "<group>"; };
		9EAF955C13D1C6700010CABD /* PaliThai.h */ = {isa = PBXFileReference; fileEncoding = 4; lastKnownFileType = sourcecode.c.h; path = PaliThai.h; sourceTree = "<group>"; };
		9EAF955D13D1C6710010CABD /* PaliThai.m */ = {isa = PBXFileReference; fileEncoding = 4; lastKnownFileType = sourcecode.c.objc; path = PaliThai.m; sourceTree = "<group>"; };
		9EC2A853136267FA0082BBB7 /* Entitlements.plist */ = {isa = PBXFileReference; fileEncoding = 4; lastKnownFileType = text.plist.xml; path = Entitlements.plist; sourceTree = "<group>"; };
		9EF8919A13E30AD800A7C5B4 /* E_Tipitaka 7.xcdatamodel */ = {isa = PBXFileReference; lastKnownFileType = wrapper.xcdatamodel; path = "E_Tipitaka 7.xcdatamodel"; sourceTree = "<group>"; };
		9EF891A413E6D3A900A7C5B4 /* E_Tipitaka 8.xcdatamodel */ = {isa = PBXFileReference; lastKnownFileType = wrapper.xcdatamodel; path = "E_Tipitaka 8.xcdatamodel"; sourceTree = "<group>"; };
/* End PBXFileReference section */

/* Begin PBXFrameworksBuildPhase section */
		9E4B9C861419B571000DD263 /* Frameworks */ = {
			isa = PBXFrameworksBuildPhase;
			buildActionMask = 2147483647;
			files = (
				9E4B9C8B1419B571000DD263 /* UIKit.framework in Frameworks */,
				9E4B9C8C1419B571000DD263 /* Foundation.framework in Frameworks */,
				9E4B9C8D1419B571000DD263 /* CoreGraphics.framework in Frameworks */,
				9E4B9CB31419BACC000DD263 /* GHUnitIOS.framework in Frameworks */,
			);
			runOnlyForDeploymentPostprocessing = 0;
		};
		9E6696EB134B15CA00B9E0F4 /* Frameworks */ = {
			isa = PBXFrameworksBuildPhase;
			buildActionMask = 2147483647;
			files = (
				9E1556C0149726DB00E1044B /* libz.1.2.5.dylib in Frameworks */,
				9E6696F3134B15CA00B9E0F4 /* UIKit.framework in Frameworks */,
				9E6696F5134B15CA00B9E0F4 /* Foundation.framework in Frameworks */,
				9E6696F7134B15CA00B9E0F4 /* CoreGraphics.framework in Frameworks */,
				9E6696F9134B15CA00B9E0F4 /* CoreData.framework in Frameworks */,
			);
			runOnlyForDeploymentPostprocessing = 0;
		};
/* End PBXFrameworksBuildPhase section */

/* Begin PBXGroup section */
		9E10C577141B1B73005E60FC /* Helpers */ = {
			isa = PBXGroup;
			children = (
				9E669768134C5D2500B9E0F4 /* Utils.h */,
				9E669769134C5D2D00B9E0F4 /* Utils.m */,
				9E10C573141B1B51005E60FC /* QueryHelper.h */,
				9E10C574141B1B51005E60FC /* QueryHelper.m */,
			);
			name = Helpers;
			sourceTree = "<group>";
		};
		9E10C578141B1B99005E60FC /* CoreData */ = {
			isa = PBXGroup;
			children = (
				9EAF955C13D1C6700010CABD /* PaliThai.h */,
				9EAF955D13D1C6710010CABD /* PaliThai.m */,
				9E669738134C574A00B9E0F4 /* Content.h */,
				9E669739134C574A00B9E0F4 /* Content.m */,
				9E66973A134C574A00B9E0F4 /* Bookmark.h */,
				9E66973B134C574A00B9E0F4 /* Bookmark.m */,
				9E326FBE138D445600ED66AE /* History.h */,
				9E326FBF138D445600ED66AE /* History.m */,
				9E66973C134C574A00B9E0F4 /* Item.h */,
				9E66973D134C574A00B9E0F4 /* Item.m */,
			);
			name = CoreData;
			sourceTree = "<group>";
		};
		9E10C579141B1C32005E60FC /* ParameterObject */ = {
			isa = PBXGroup;
			children = (
				9E10C57A141B1C5F005E60FC /* ContentInfo.h */,
				9E10C57B141B1C5F005E60FC /* ContentInfo.m */,
				9E10C57E141B2BE6005E60FC /* ContentInfoType.h */,
				9E10C57F141B2BE6005E60FC /* ContentInfoType.m */,
			);
			name = ParameterObject;
			sourceTree = "<group>";
		};
		9E13896E141B7F6600C350B0 /* Decorators */ = {
			isa = PBXGroup;
			children = (
				9E138973141B80EB00C350B0 /* PadReadViewController.h */,
				9E138974141B80EB00C350B0 /* PadReadViewController.m */,
			);
			name = Decorators;
			sourceTree = "<group>";
		};
		9E13897B141B8DBE00C350B0 /* Custom Views */ = {
			isa = PBXGroup;
			children = (
				9E13897C141B8E7700C350B0 /* UITextInputAlertView.h */,
				9E13897D141B8E7700C350B0 /* UITextInputAlertView.m */,
			);
			name = "Custom Views";
			sourceTree = "<group>";
		};
		9E138980141BA2FB00C350B0 /* Commands */ = {
			isa = PBXGroup;
			children = (
				9E138981141BA32C00C350B0 /* Command.h */,
				9E138982141BA32C00C350B0 /* Command.m */,
			);
			name = Commands;
			sourceTree = "<group>";
		};
		9E1721F71366C4F90011891C /* minizip */ = {
			isa = PBXGroup;
			children = (
				9E1721F81366C4F90011891C /* crypt.h */,
				9E1721F91366C4F90011891C /* ioapi.c */,
				9E1721FA1366C4F90011891C /* ioapi.h */,
				9E1721FB1366C4F90011891C /* mztools.c */,
				9E1721FC1366C4F90011891C /* mztools.h */,
				9E1721FD1366C4F90011891C /* unzip.c */,
				9E1721FE1366C4F90011891C /* unzip.h */,
				9E1721FF1366C4F90011891C /* zip.c */,
				9E1722001366C4F90011891C /* zip.h */,
			);
			path = minizip;
			sourceTree = "<group>";
		};
		9E326FDB138E1BAE00ED66AE /* Resources */ = {
			isa = PBXGroup;
			children = (
				9E10EA7713C88B6800DCA4B4 /* E_Tipitaka.sqlite */,
				9E669772134C5DA200B9E0F4 /* Data.plist */,
				9EA21D0A134F3EBC00C17FD6 /* Pages.plist */,
				9EA21D0D134F5C6000C17FD6 /* Items.plist */,
				9EA859F3135011F6002195A6 /* Names.plist */,
				9EAF954B13D163D30010CABD /* PaliThai.plist */,
				9E326FF3138F6EBE00ED66AE /* stage_01.png */,
				9E326FF4138F6EBE00ED66AE /* stage_02.png */,
				9E326FF5138F6EBE00ED66AE /* stage_03.png */,
				9E326FF6138F6EBE00ED66AE /* stage_04.png */,
				9E326FB6138D36D900ED66AE /* star_off.png */,
				9E326FB7138D36D900ED66AE /* star_on.png */,
				9E326FB1138D30F700ED66AE /* star_big_off.png */,
				9E326FB2138D30F700ED66AE /* star_big_on.png */,
				9E326FC9138E0ECD00ED66AE /* rate_star_big_off.png */,
				9E326FCA138E0ECD00ED66AE /* rate_star_big_on.png */,
				9E326FCE138E0EE700ED66AE /* rate_star_small_off.png */,
				9E326FCF138E0EE700ED66AE /* rate_star_small_on.png */,
				9E669774134C8FC500B9E0F4 /* icon_arrow_left.png */,
				9E669775134C8FC900B9E0F4 /* icon_arrow_right.png */,
				9E669778134C8FE400B9E0F4 /* icon_zoom_in.png */,
				9E669779134C8FE600B9E0F4 /* icon_zoom_out.png */,
				9E66977C134C902500B9E0F4 /* icon_save.png */,
				9E66977E134C903600B9E0F4 /* icon_refresh.png */,
				9E669782134C9F6D00B9E0F4 /* 06-magnify.png */,
				9E6851FC142E2D52001D458C /* icon_document.png */,
				9E669783134C9F6F00B9E0F4 /* 28-star.png */,
				9E669784134C9F7300B9E0F4 /* 179-notepad.png */,
				9E326FD4138E167200ED66AE /* ic_menu_edit.png */,
				9E61E400140C8354009A5FD0 /* page.html */,
			);
			name = Resources;
			sourceTree = "<group>";
		};
		9E326FDC138E1CB900ED66AE /* Classes */ = {
			isa = PBXGroup;
			children = (
				9E138980141BA2FB00C350B0 /* Commands */,
				9E13897B141B8DBE00C350B0 /* Custom Views */,
				9E13896E141B7F6600C350B0 /* Decorators */,
				9E10C579141B1C32005E60FC /* ParameterObject */,
				9E10C578141B1B99005E60FC /* CoreData */,
				9E10C577141B1B73005E60FC /* Helpers */,
				9E669743134C584300B9E0F4 /* TapDetectingWindow.h */,
				9E669744134C584300B9E0F4 /* TapDetectingWindow.m */,
				9E669703134B15CB00B9E0F4 /* E_TipitakaAppDelegate.h */,
				9E669704134B15CB00B9E0F4 /* E_TipitakaAppDelegate.m */,
				9E66975A134C5CF400B9E0F4 /* ReadViewController.h */,
				9E66975B134C5CF500B9E0F4 /* ReadViewController.m */,
				9E66975C134C5CF500B9E0F4 /* SearchViewController.h */,
				9E66975D134C5CF600B9E0F4 /* SearchViewController.m */,
				9E66975E134C5CF700B9E0F4 /* BookListTableViewController.h */,
				9E66975F134C5CF800B9E0F4 /* BookListTableViewController.m */,
				9E326FD6138E1B6C00ED66AE /* BookmarkEditViewController.h */,
				9E326FD7138E1B6C00ED66AE /* BookmarkEditViewController.m */,
				9E669760134C5CFB00B9E0F4 /* BookmarkAddViewController.h */,
				9E669761134C5CFE00B9E0F4 /* BookmarkAddViewController.m */,
				9E669762134C5D0200B9E0F4 /* BookmarkListViewController.h */,
				9E669763134C5D0600B9E0F4 /* BookmarkListViewController.m */,
				9E669764134C5D0A00B9E0F4 /* SearchHistoryViewController.h */,
				9E669765134C5D1000B9E0F4 /* SearchHistoryViewController.m */,
				9EAF955713D1AD530010CABD /* DictionaryListViewController.h */,
				9EAF955813D1AD530010CABD /* DictionaryListViewController.m */,
				9E10C56E141B183D005E60FC /* ContentViewController.h */,
				9E10C56F141B183D005E60FC /* ContentViewController.m */,
				9E669766134C5D1800B9E0F4 /* iToast.h */,
				9E669767134C5D1F00B9E0F4 /* iToast.m */,
				9E138969141B750C00C350B0 /* BaseReadViewController.h */,
				9E13896A141B750C00C350B0 /* BaseReadViewController.m */,
			);
			name = Classes;
			sourceTree = "<group>";
		};
		9E326FDD138E1D2900ED66AE /* Icons */ = {
			isa = PBXGroup;
			children = (
				9E6697DD134ECC2400B9E0F4 /* Icon-72.png */,
				9E6697DE134ECC2400B9E0F4 /* Icon-Small.png */,
				9E6697DF134ECC2400B9E0F4 /* Icon@2x.png */,
				9E3DA8D7137862D00092521B /* Icon-Small@2x.png */,
				9E3DA8D8137862D00092521B /* Icon-Small-50.png */,
				9E6697E0134ECC2400B9E0F4 /* iTunesArtwork */,
				9EA8F3F213782BB800BEE728 /* Default-Landscape~ipad.png */,
				9EA8F3F313782BB800BEE728 /* Default-Portrait~ipad.png */,
				9EA8F3F413782BB800BEE728 /* Default.png */,
				9EA8F3F513782BB800BEE728 /* Default@2x.png */,
				9EA8F3F613782BB800BEE728 /* Default~ipad.png */,
				9E6697DC134ECC2400B9E0F4 /* Icon.png */,
			);
			name = Icons;
			sourceTree = "<group>";
		};
		9E4B9C8E1419B571000DD263 /* Tests */ = {
			isa = PBXGroup;
			children = (
				9E4B9C8F1419B571000DD263 /* Supporting Files */,
				9E4B9CB51419BF5E000DD263 /* MyTest.m */,
			);
			path = Tests;
			sourceTree = "<group>";
		};
		9E4B9C8F1419B571000DD263 /* Supporting Files */ = {
			isa = PBXGroup;
			children = (
				9E4B9C901419B571000DD263 /* Tests-Info.plist */,
				9E4B9C911419B571000DD263 /* InfoPlist.strings */,
				9E4B9C941419B571000DD263 /* main.m */,
				9E4B9C961419B571000DD263 /* Tests-Prefix.pch */,
			);
			name = "Supporting Files";
			sourceTree = "<group>";
		};
		9E6696E3134B15C900B9E0F4 = {
			isa = PBXGroup;
			children = (
				9E1556BF149726DB00E1044B /* libz.1.2.5.dylib */,
				9EC2A853136267FA0082BBB7 /* Entitlements.plist */,
				9E6696FA134B15CA00B9E0F4 /* E-Tipitaka */,
				9E4B9C8E1419B571000DD263 /* Tests */,
				9E6696F1134B15CA00B9E0F4 /* Frameworks */,
				9E6696EF134B15CA00B9E0F4 /* Products */,
			);
			sourceTree = "<group>";
		};
		9E6696EF134B15CA00B9E0F4 /* Products */ = {
			isa = PBXGroup;
			children = (
				9E6696EE134B15CA00B9E0F4 /* E-Tipitaka.app */,
				9E4B9C891419B571000DD263 /* Tests.app */,
			);
			name = Products;
			sourceTree = "<group>";
		};
		9E6696F1134B15CA00B9E0F4 /* Frameworks */ = {
			isa = PBXGroup;
			children = (
				9E1721F51366C4C00011891C /* libz.1.2.3.dylib */,
				9E4B9CB21419BACC000DD263 /* GHUnitIOS.framework */,
				9E6696F2134B15CA00B9E0F4 /* UIKit.framework */,
				9E6696F4134B15CA00B9E0F4 /* Foundation.framework */,
				9E6696F6134B15CA00B9E0F4 /* CoreGraphics.framework */,
				9E6696F8134B15CA00B9E0F4 /* CoreData.framework */,
			);
			name = Frameworks;
			sourceTree = "<group>";
		};
		9E6696FA134B15CA00B9E0F4 /* E-Tipitaka */ = {
			isa = PBXGroup;
			children = (
				9E1721F71366C4F90011891C /* minizip */,
				9E326FDC138E1CB900ED66AE /* Classes */,
				9E1722011366C4F90011891C /* ZipArchive.h */,
				9E1722021366C4F90011891C /* ZipArchive.mm */,
				9E669706134B15CB00B9E0F4 /* E_Tipitaka.xcdatamodeld */,
				9E326FDD138E1D2900ED66AE /* Icons */,
				9E326FDB138E1BAE00ED66AE /* Resources */,
				9E669709134B15CB00B9E0F4 /* iPhone */,
				9E669710134B15CB00B9E0F4 /* iPad */,
				9E6696FB134B15CA00B9E0F4 /* Supporting Files */,
			);
			path = "E-Tipitaka";
			sourceTree = "<group>";
		};
		9E6696FB134B15CA00B9E0F4 /* Supporting Files */ = {
			isa = PBXGroup;
			children = (
				9E6696FC134B15CA00B9E0F4 /* E-Tipitaka-Info.plist */,
				9E6696FD134B15CA00B9E0F4 /* InfoPlist.strings */,
				9E669700134B15CA00B9E0F4 /* E-Tipitaka-Prefix.pch */,
				9E669701134B15CA00B9E0F4 /* main.m */,
			);
			name = "Supporting Files";
			sourceTree = "<group>";
		};
		9E669709134B15CB00B9E0F4 /* iPhone */ = {
			isa = PBXGroup;
			children = (
				9E66970A134B15CB00B9E0F4 /* E_TipitakaAppDelegate_iPhone.h */,
				9E66970B134B15CB00B9E0F4 /* E_TipitakaAppDelegate_iPhone.m */,
				9E66974C134C5AFD00B9E0F4 /* MainWindow_iPhone.xib */,
				9E66974E134C5C7800B9E0F4 /* ReadViewController.xib */,
				9E66974F134C5C7800B9E0F4 /* SearchViewController.xib */,
				9E669750134C5C7900B9E0F4 /* BookListTableViewController.xib */,
				9E669751134C5C7900B9E0F4 /* BookmarkAddViewController.xib */,
				9E326FD8138E1B6C00ED66AE /* BookmarkEditViewController.xib */,
				9E669752134C5C7A00B9E0F4 /* BookmarkListViewController.xib */,
				9E669753134C5C7A00B9E0F4 /* SearchHistoryViewController.xib */,
				9E10C31A141A65DD005E60FC /* ContentView.xib */,
			);
			name = iPhone;
			sourceTree = "<group>";
		};
		9E669710134B15CB00B9E0F4 /* iPad */ = {
			isa = PBXGroup;
			children = (
				9E669711134B15CB00B9E0F4 /* E_TipitakaAppDelegate_iPad.h */,
				9E669712134B15CB00B9E0F4 /* E_TipitakaAppDelegate_iPad.m */,
				9E669714134B15CB00B9E0F4 /* MainWindow_iPad.xib */,
				9E6697CA134CBF1900B9E0F4 /* ReadView_iPad.xib */,
				9E326FA6138C03B300ED66AE /* DoubleReadView_iPad.xib */,
				9E326FE6138E3EE900ED66AE /* DoubleReadViewController.h */,
				9E326FE7138E3EE900ED66AE /* DoubleReadViewController.m */,
				9EAF955913D1AD540010CABD /* DictionaryListView_iPad.xib */,
				9E57771D142C817800E27FC9 /* SpecificedLanguageReadViewController.h */,
				9E57771E142C817800E27FC9 /* SpecificedLanguageReadViewController.m */,
			);
			name = iPad;
			sourceTree = "<group>";
		};
/* End PBXGroup section */

/* Begin PBXNativeTarget section */
		9E4B9C881419B571000DD263 /* Tests */ = {
			isa = PBXNativeTarget;
			buildConfigurationList = 9E4B9CAC1419B571000DD263 /* Build configuration list for PBXNativeTarget "Tests" */;
			buildPhases = (
				9E4B9C851419B571000DD263 /* Sources */,
				9E4B9C861419B571000DD263 /* Frameworks */,
				9E4B9C871419B571000DD263 /* Resources */,
			);
			buildRules = (
			);
			dependencies = (
			);
			name = Tests;
			productName = Tests;
			productReference = 9E4B9C891419B571000DD263 /* Tests.app */;
			productType = "com.apple.product-type.application";
		};
		9E6696ED134B15CA00B9E0F4 /* E-Tipitaka */ = {
			isa = PBXNativeTarget;
			buildConfigurationList = 9E669719134B15CB00B9E0F4 /* Build configuration list for PBXNativeTarget "E-Tipitaka" */;
			buildPhases = (
				9E6696EA134B15CA00B9E0F4 /* Sources */,
				9E6696EB134B15CA00B9E0F4 /* Frameworks */,
				9E6696EC134B15CA00B9E0F4 /* Resources */,
			);
			buildRules = (
			);
			dependencies = (
			);
			name = "E-Tipitaka";
			productName = "E-Tipitaka";
			productReference = 9E6696EE134B15CA00B9E0F4 /* E-Tipitaka.app */;
			productType = "com.apple.product-type.application";
		};
/* End PBXNativeTarget section */

/* Begin PBXProject section */
		9E6696E5134B15C900B9E0F4 /* Project object */ = {
			isa = PBXProject;
			attributes = {
				LastUpgradeCheck = 0420;
			};
			buildConfigurationList = 9E6696E8134B15C900B9E0F4 /* Build configuration list for PBXProject "E-Tipitaka" */;
			compatibilityVersion = "Xcode 3.2";
			developmentRegion = English;
			hasScannedForEncodings = 0;
			knownRegions = (
				en,
			);
			mainGroup = 9E6696E3134B15C900B9E0F4;
			productRefGroup = 9E6696EF134B15CA00B9E0F4 /* Products */;
			projectDirPath = "";
			projectRoot = "";
			targets = (
				9E6696ED134B15CA00B9E0F4 /* E-Tipitaka */,
				9E4B9C881419B571000DD263 /* Tests */,
			);
		};
/* End PBXProject section */

/* Begin PBXResourcesBuildPhase section */
		9E4B9C871419B571000DD263 /* Resources */ = {
			isa = PBXResourcesBuildPhase;
			buildActionMask = 2147483647;
			files = (
				9E4B9C931419B571000DD263 /* InfoPlist.strings in Resources */,
			);
			runOnlyForDeploymentPostprocessing = 0;
		};
		9E6696EC134B15CA00B9E0F4 /* Resources */ = {
			isa = PBXResourcesBuildPhase;
			buildActionMask = 2147483647;
			files = (
				9E6696FF134B15CA00B9E0F4 /* InfoPlist.strings in Resources */,
				9E669716134B15CB00B9E0F4 /* MainWindow_iPad.xib in Resources */,
				9E66974D134C5AFD00B9E0F4 /* MainWindow_iPhone.xib in Resources */,
				9E669754134C5C7B00B9E0F4 /* ReadViewController.xib in Resources */,
				9E669755134C5C7B00B9E0F4 /* SearchViewController.xib in Resources */,
				9E669756134C5C7B00B9E0F4 /* BookListTableViewController.xib in Resources */,
				9E669757134C5C7B00B9E0F4 /* BookmarkAddViewController.xib in Resources */,
				9E669758134C5C7B00B9E0F4 /* BookmarkListViewController.xib in Resources */,
				9E669759134C5C7B00B9E0F4 /* SearchHistoryViewController.xib in Resources */,
				9E669773134C5DA300B9E0F4 /* Data.plist in Resources */,
				9E669776134C8FCE00B9E0F4 /* icon_arrow_left.png in Resources */,
				9E669777134C8FCE00B9E0F4 /* icon_arrow_right.png in Resources */,
				9E66977A134C8FEB00B9E0F4 /* icon_zoom_in.png in Resources */,
				9E66977B134C8FEB00B9E0F4 /* icon_zoom_out.png in Resources */,
				9E66977D134C902800B9E0F4 /* icon_save.png in Resources */,
				9E66977F134C903900B9E0F4 /* icon_refresh.png in Resources */,
				9E669785134C9F7A00B9E0F4 /* 06-magnify.png in Resources */,
				9E669786134C9F7A00B9E0F4 /* 28-star.png in Resources */,
				9E669787134C9F7A00B9E0F4 /* 179-notepad.png in Resources */,
				9E6697CB134CBF1A00B9E0F4 /* ReadView_iPad.xib in Resources */,
				9E6697E3134ECC2400B9E0F4 /* Icon.png in Resources */,
				9E6697E4134ECC2400B9E0F4 /* Icon-72.png in Resources */,
				9E6697E5134ECC2400B9E0F4 /* Icon-Small.png in Resources */,
				9E6697E6134ECC2400B9E0F4 /* Icon@2x.png in Resources */,
				9E6697E7134ECC2400B9E0F4 /* iTunesArtwork in Resources */,
				9EA21D0B134F3EBE00C17FD6 /* Pages.plist in Resources */,
				9EA21D0E134F5C6400C17FD6 /* Items.plist in Resources */,
				9EA859F4135011F6002195A6 /* Names.plist in Resources */,
				9EC2A854136267FA0082BBB7 /* Entitlements.plist in Resources */,
				9EA8F3F713782BB800BEE728 /* Default-Landscape~ipad.png in Resources */,
				9EA8F3F813782BB800BEE728 /* Default-Portrait~ipad.png in Resources */,
				9EA8F3F913782BB800BEE728 /* Default.png in Resources */,
				9EA8F3FA13782BB800BEE728 /* Default@2x.png in Resources */,
				9EA8F3FB13782BB800BEE728 /* Default~ipad.png in Resources */,
				9E3DA8D9137862D00092521B /* Icon-Small@2x.png in Resources */,
				9E3DA8DA137862D00092521B /* Icon-Small-50.png in Resources */,
				9E326FA7138C03B300ED66AE /* DoubleReadView_iPad.xib in Resources */,
				9E326FB3138D30F700ED66AE /* star_big_off.png in Resources */,
				9E326FB4138D30F700ED66AE /* star_big_on.png in Resources */,
				9E326FB8138D36D900ED66AE /* star_off.png in Resources */,
				9E326FB9138D36D900ED66AE /* star_on.png in Resources */,
				9E326FCB138E0ECD00ED66AE /* rate_star_big_off.png in Resources */,
				9E326FCC138E0ECD00ED66AE /* rate_star_big_on.png in Resources */,
				9E326FD0138E0EE700ED66AE /* rate_star_small_off.png in Resources */,
				9E326FD1138E0EE700ED66AE /* rate_star_small_on.png in Resources */,
				9E326FD5138E167200ED66AE /* ic_menu_edit.png in Resources */,
				9E326FDA138E1B6D00ED66AE /* BookmarkEditViewController.xib in Resources */,
				9E326FF7138F6EBE00ED66AE /* stage_01.png in Resources */,
				9E326FF8138F6EBE00ED66AE /* stage_02.png in Resources */,
				9E326FF9138F6EBE00ED66AE /* stage_03.png in Resources */,
				9E326FFA138F6EBE00ED66AE /* stage_04.png in Resources */,
				9E10EA7813C88B6800DCA4B4 /* E_Tipitaka.sqlite in Resources */,
				9EAF954C13D163D30010CABD /* PaliThai.plist in Resources */,
				9EAF955B13D1AD540010CABD /* DictionaryListView_iPad.xib in Resources */,
				9E61E401140C8354009A5FD0 /* page.html in Resources */,
				9E10C31B141A65DD005E60FC /* ContentView.xib in Resources */,
				9E6851FD142E2D52001D458C /* icon_document.png in Resources */,
			);
			runOnlyForDeploymentPostprocessing = 0;
		};
/* End PBXResourcesBuildPhase section */

/* Begin PBXSourcesBuildPhase section */
		9E4B9C851419B571000DD263 /* Sources */ = {
			isa = PBXSourcesBuildPhase;
			buildActionMask = 2147483647;
			files = (
				9E10C572141B18AD005E60FC /* Utils.m in Sources */,
				9E4B9C951419B571000DD263 /* main.m in Sources */,
				9E4B9CB61419BF5E000DD263 /* MyTest.m in Sources */,
				9E10C571141B183D005E60FC /* ContentViewController.m in Sources */,
				9E10C576141B1B51005E60FC /* QueryHelper.m in Sources */,
				9E10C57D141B1C5F005E60FC /* ContentInfo.m in Sources */,
				9E10C581141B2BE6005E60FC /* ContentInfoType.m in Sources */,
				9E13896C141B750C00C350B0 /* BaseReadViewController.m in Sources */,
				9E138976141B80EB00C350B0 /* PadReadViewController.m in Sources */,
				9E13897F141B8E7700C350B0 /* UITextInputAlertView.m in Sources */,
				9E138984141BA32C00C350B0 /* Command.m in Sources */,
				9E577720142C817800E27FC9 /* SpecificedLanguageReadViewController.m in Sources */,
			);
			runOnlyForDeploymentPostprocessing = 0;
		};
		9E6696EA134B15CA00B9E0F4 /* Sources */ = {
			isa = PBXSourcesBuildPhase;
			buildActionMask = 2147483647;
			files = (
				9E669702134B15CA00B9E0F4 /* main.m in Sources */,
				9E669705134B15CB00B9E0F4 /* E_TipitakaAppDelegate.m in Sources */,
				9E669708134B15CB00B9E0F4 /* E_Tipitaka.xcdatamodeld in Sources */,
				9E66970C134B15CB00B9E0F4 /* E_TipitakaAppDelegate_iPhone.m in Sources */,
				9E669713134B15CB00B9E0F4 /* E_TipitakaAppDelegate_iPad.m in Sources */,
				9E66973F134C574A00B9E0F4 /* Content.m in Sources */,
				9E669740134C574A00B9E0F4 /* Bookmark.m in Sources */,
				9E669741134C574A00B9E0F4 /* Item.m in Sources */,
				9E669745134C584300B9E0F4 /* TapDetectingWindow.m in Sources */,
				9E66976A134C5D3600B9E0F4 /* ReadViewController.m in Sources */,
				9E66976B134C5D3600B9E0F4 /* SearchViewController.m in Sources */,
				9E66976C134C5D3600B9E0F4 /* BookListTableViewController.m in Sources */,
				9E66976D134C5D3600B9E0F4 /* BookmarkAddViewController.m in Sources */,
				9E66976E134C5D3600B9E0F4 /* BookmarkListViewController.m in Sources */,
				9E66976F134C5D3600B9E0F4 /* SearchHistoryViewController.m in Sources */,
				9E669770134C5D3600B9E0F4 /* iToast.m in Sources */,
				9E669771134C5D3600B9E0F4 /* Utils.m in Sources */,
				9E1722031366C4F90011891C /* ioapi.c in Sources */,
				9E1722041366C4F90011891C /* mztools.c in Sources */,
				9E1722051366C4F90011891C /* unzip.c in Sources */,
				9E1722061366C4F90011891C /* zip.c in Sources */,
				9E1722071366C4F90011891C /* ZipArchive.mm in Sources */,
				9E326FC0138D445600ED66AE /* History.m in Sources */,
				9E326FD9138E1B6D00ED66AE /* BookmarkEditViewController.m in Sources */,
				9E326FE8138E3EE900ED66AE /* DoubleReadViewController.m in Sources */,
				9EAF955A13D1AD540010CABD /* DictionaryListViewController.m in Sources */,
				9EAF955E13D1C6720010CABD /* PaliThai.m in Sources */,
				9E10C570141B183D005E60FC /* ContentViewController.m in Sources */,
				9E10C575141B1B51005E60FC /* QueryHelper.m in Sources */,
				9E10C57C141B1C5F005E60FC /* ContentInfo.m in Sources */,
				9E10C580141B2BE6005E60FC /* ContentInfoType.m in Sources */,
				9E13896B141B750C00C350B0 /* BaseReadViewController.m in Sources */,
				9E138975141B80EB00C350B0 /* PadReadViewController.m in Sources */,
				9E13897E141B8E7700C350B0 /* UITextInputAlertView.m in Sources */,
				9E138983141BA32C00C350B0 /* Command.m in Sources */,
				9E57771F142C817800E27FC9 /* SpecificedLanguageReadViewController.m in Sources */,
			);
			runOnlyForDeploymentPostprocessing = 0;
		};
/* End PBXSourcesBuildPhase section */

/* Begin PBXVariantGroup section */
		9E4B9C911419B571000DD263 /* InfoPlist.strings */ = {
			isa = PBXVariantGroup;
			children = (
				9E4B9C921419B571000DD263 /* en */,
			);
			name = InfoPlist.strings;
			sourceTree = "<group>";
		};
		9E6696FD134B15CA00B9E0F4 /* InfoPlist.strings */ = {
			isa = PBXVariantGroup;
			children = (
				9E6696FE134B15CA00B9E0F4 /* en */,
			);
			name = InfoPlist.strings;
			sourceTree = "<group>";
		};
		9E669714134B15CB00B9E0F4 /* MainWindow_iPad.xib */ = {
			isa = PBXVariantGroup;
			children = (
				9E669715134B15CB00B9E0F4 /* en */,
			);
			name = MainWindow_iPad.xib;
			sourceTree = "<group>";
		};
/* End PBXVariantGroup section */

/* Begin XCBuildConfiguration section */
		9E4B9CA81419B571000DD263 /* Debug */ = {
			isa = XCBuildConfiguration;
			buildSettings = {
				ALWAYS_SEARCH_USER_PATHS = NO;
				"CODE_SIGN_IDENTITY[sdk=iphoneos*]" = "iPhone Developer";
				COPY_PHASE_STRIP = NO;
				FRAMEWORK_SEARCH_PATHS = (
					"$(inherited)",
					"\"$(SRCROOT)/external-libs/gh-unit/Project-iOS/build/Framework\"",
				);
				GCC_DYNAMIC_NO_PIC = NO;
				GCC_PRECOMPILE_PREFIX_HEADER = YES;
				GCC_PREFIX_HEADER = "Tests/Tests-Prefix.pch";
				GCC_PREPROCESSOR_DEFINITIONS = (
					"DEBUG=1",
					"$(inherited)",
				);
				GCC_VERSION = com.apple.compilers.llvm.clang.1_0;
				GCC_WARN_ABOUT_MISSING_PROTOTYPES = YES;
				INFOPLIST_FILE = "Tests/Tests-Info.plist";
				IPHONEOS_DEPLOYMENT_TARGET = 4.3;
				OTHER_LDFLAGS = (
					"-all_load",
					"-ObjC",
				);
				PRODUCT_NAME = "$(TARGET_NAME)";
				WRAPPER_EXTENSION = app;
			};
			name = Debug;
		};
		9E4B9CA91419B571000DD263 /* Release */ = {
			isa = XCBuildConfiguration;
			buildSettings = {
				ALWAYS_SEARCH_USER_PATHS = NO;
				"CODE_SIGN_IDENTITY[sdk=iphoneos*]" = "iPhone Developer";
				COPY_PHASE_STRIP = YES;
				FRAMEWORK_SEARCH_PATHS = (
					"$(inherited)",
					"\"$(SRCROOT)/external-libs/gh-unit/Project-iOS/build/Framework\"",
				);
				GCC_PRECOMPILE_PREFIX_HEADER = YES;
				GCC_PREFIX_HEADER = "Tests/Tests-Prefix.pch";
				GCC_VERSION = com.apple.compilers.llvm.clang.1_0;
				GCC_WARN_ABOUT_MISSING_PROTOTYPES = YES;
				INFOPLIST_FILE = "Tests/Tests-Info.plist";
				IPHONEOS_DEPLOYMENT_TARGET = 4.3;
				OTHER_LDFLAGS = (
					"-all_load",
					"-ObjC",
				);
				PRODUCT_NAME = "$(TARGET_NAME)";
				VALIDATE_PRODUCT = YES;
				WRAPPER_EXTENSION = app;
			};
			name = Release;
		};
		9E4B9CAA1419B571000DD263 /* Distribution */ = {
			isa = XCBuildConfiguration;
			buildSettings = {
				ALWAYS_SEARCH_USER_PATHS = NO;
				"CODE_SIGN_IDENTITY[sdk=iphoneos*]" = "iPhone Developer";
				COPY_PHASE_STRIP = YES;
				FRAMEWORK_SEARCH_PATHS = (
					"$(inherited)",
					"\"$(SRCROOT)/external-libs/gh-unit/Project-iOS/build/Framework\"",
				);
				GCC_PRECOMPILE_PREFIX_HEADER = YES;
				GCC_PREFIX_HEADER = "Tests/Tests-Prefix.pch";
				GCC_VERSION = com.apple.compilers.llvm.clang.1_0;
				GCC_WARN_ABOUT_MISSING_PROTOTYPES = YES;
				INFOPLIST_FILE = "Tests/Tests-Info.plist";
				IPHONEOS_DEPLOYMENT_TARGET = 4.3;
				OTHER_LDFLAGS = (
					"-all_load",
					"-ObjC",
				);
				PRODUCT_NAME = "$(TARGET_NAME)";
				VALIDATE_PRODUCT = YES;
				WRAPPER_EXTENSION = app;
			};
			name = Distribution;
		};
		9E4B9CAB1419B571000DD263 /* Ad Hoc Distribution */ = {
			isa = XCBuildConfiguration;
			buildSettings = {
				ALWAYS_SEARCH_USER_PATHS = NO;
				"CODE_SIGN_IDENTITY[sdk=iphoneos*]" = "iPhone Developer";
				COPY_PHASE_STRIP = YES;
				FRAMEWORK_SEARCH_PATHS = (
					"$(inherited)",
					"\"$(SRCROOT)/external-libs/gh-unit/Project-iOS/build/Framework\"",
				);
				GCC_PRECOMPILE_PREFIX_HEADER = YES;
				GCC_PREFIX_HEADER = "Tests/Tests-Prefix.pch";
				GCC_VERSION = com.apple.compilers.llvm.clang.1_0;
				GCC_WARN_ABOUT_MISSING_PROTOTYPES = YES;
				INFOPLIST_FILE = "Tests/Tests-Info.plist";
				IPHONEOS_DEPLOYMENT_TARGET = 4.3;
				OTHER_LDFLAGS = (
					"-all_load",
					"-ObjC",
				);
				PRODUCT_NAME = "$(TARGET_NAME)";
				VALIDATE_PRODUCT = YES;
				WRAPPER_EXTENSION = app;
			};
			name = "Ad Hoc Distribution";
		};
		9E669717134B15CB00B9E0F4 /* Debug */ = {
			isa = XCBuildConfiguration;
			buildSettings = {
				ARCHS = "$(ARCHS_STANDARD_32_BIT)";
				"CODE_SIGN_IDENTITY[sdk=iphoneos*]" = "iPhone Developer";
				GCC_C_LANGUAGE_STANDARD = gnu99;
				GCC_OPTIMIZATION_LEVEL = 0;
				GCC_PREPROCESSOR_DEFINITIONS = DEBUG;
				GCC_SYMBOLS_PRIVATE_EXTERN = NO;
				GCC_VERSION = com.apple.compilers.llvmgcc42;
				GCC_WARN_ABOUT_RETURN_TYPE = YES;
				GCC_WARN_UNUSED_VARIABLE = YES;
				IPHONEOS_DEPLOYMENT_TARGET = 4.0;
				SDKROOT = iphoneos;
				TARGETED_DEVICE_FAMILY = "1,2";
			};
			name = Debug;
		};
		9E669718134B15CB00B9E0F4 /* Release */ = {
			isa = XCBuildConfiguration;
			buildSettings = {
				ARCHS = "$(ARCHS_STANDARD_32_BIT)";
				"CODE_SIGN_IDENTITY[sdk=iphoneos*]" = "iPhone Developer";
				GCC_C_LANGUAGE_STANDARD = gnu99;
				GCC_VERSION = com.apple.compilers.llvmgcc42;
				GCC_WARN_ABOUT_RETURN_TYPE = YES;
				GCC_WARN_UNUSED_VARIABLE = YES;
				IPHONEOS_DEPLOYMENT_TARGET = 4.0;
				OTHER_CFLAGS = "-DNS_BLOCK_ASSERTIONS=1";
				SDKROOT = iphoneos;
				TARGETED_DEVICE_FAMILY = "1,2";
			};
			name = Release;
		};
		9E66971A134B15CB00B9E0F4 /* Debug */ = {
			isa = XCBuildConfiguration;
			buildSettings = {
				ALWAYS_SEARCH_USER_PATHS = NO;
				COPY_PHASE_STRIP = NO;
				GCC_DYNAMIC_NO_PIC = NO;
				GCC_PRECOMPILE_PREFIX_HEADER = YES;
				GCC_PREFIX_HEADER = "E-Tipitaka/E-Tipitaka-Prefix.pch";
				GCC_VERSION = com.apple.compilers.llvm.clang.1_0;
				INFOPLIST_FILE = "E-Tipitaka/E-Tipitaka-Info.plist";
				IPHONEOS_DEPLOYMENT_TARGET = 4.0;
				PRODUCT_NAME = "$(TARGET_NAME)";
				WRAPPER_EXTENSION = app;
			};
			name = Debug;
		};
		9E66971B134B15CB00B9E0F4 /* Release */ = {
			isa = XCBuildConfiguration;
			buildSettings = {
				ALWAYS_SEARCH_USER_PATHS = NO;
				COPY_PHASE_STRIP = YES;
				GCC_PRECOMPILE_PREFIX_HEADER = YES;
				GCC_PREFIX_HEADER = "E-Tipitaka/E-Tipitaka-Prefix.pch";
				GCC_VERSION = com.apple.compilers.llvm.clang.1_0;
				INFOPLIST_FILE = "E-Tipitaka/E-Tipitaka-Info.plist";
				IPHONEOS_DEPLOYMENT_TARGET = 4.0;
				PRODUCT_NAME = "$(TARGET_NAME)";
				VALIDATE_PRODUCT = YES;
				WRAPPER_EXTENSION = app;
			};
			name = Release;
		};
		9EA8F3FC1378507B00BEE728 /* Distribution */ = {
			isa = XCBuildConfiguration;
			buildSettings = {
				ARCHS = "$(ARCHS_STANDARD_32_BIT)";
				"CODE_SIGN_IDENTITY[sdk=iphoneos*]" = "iPhone Developer";
				GCC_C_LANGUAGE_STANDARD = gnu99;
				GCC_VERSION = com.apple.compilers.llvmgcc42;
				GCC_WARN_ABOUT_RETURN_TYPE = YES;
				GCC_WARN_UNUSED_VARIABLE = YES;
				IPHONEOS_DEPLOYMENT_TARGET = 4.0;
				OTHER_CFLAGS = "-DNS_BLOCK_ASSERTIONS=1";
				SDKROOT = iphoneos;
				TARGETED_DEVICE_FAMILY = "1,2";
			};
			name = Distribution;
		};
		9EA8F3FD1378507B00BEE728 /* Distribution */ = {
			isa = XCBuildConfiguration;
			buildSettings = {
				ALWAYS_SEARCH_USER_PATHS = NO;
				CODE_SIGN_ENTITLEMENTS = Entitlements.plist;
				"CODE_SIGN_IDENTITY[sdk=iphoneos*]" = "iPhone Distribution: Sutee Sudprasert";
				COPY_PHASE_STRIP = YES;
				GCC_PRECOMPILE_PREFIX_HEADER = YES;
				GCC_PREFIX_HEADER = "E-Tipitaka/E-Tipitaka-Prefix.pch";
				GCC_VERSION = com.apple.compilers.llvm.clang.1_0;
				INFOPLIST_FILE = "E-Tipitaka/E-Tipitaka-Info.plist";
				IPHONEOS_DEPLOYMENT_TARGET = 4.0;
				PRODUCT_NAME = "$(TARGET_NAME)";
				"PROVISIONING_PROFILE[sdk=iphoneos*]" = "B59D3411-D720-4F29-B289-AD285D3C21BD";
				VALIDATE_PRODUCT = YES;
				WRAPPER_EXTENSION = app;
			};
			name = Distribution;
		};
		9EC2A851136265CD0082BBB7 /* Ad Hoc Distribution */ = {
			isa = XCBuildConfiguration;
			buildSettings = {
				ARCHS = "$(ARCHS_STANDARD_32_BIT)";
				"CODE_SIGN_IDENTITY[sdk=iphoneos*]" = "iPhone Developer";
				GCC_C_LANGUAGE_STANDARD = gnu99;
				GCC_VERSION = com.apple.compilers.llvmgcc42;
				GCC_WARN_ABOUT_RETURN_TYPE = YES;
				GCC_WARN_UNUSED_VARIABLE = YES;
				IPHONEOS_DEPLOYMENT_TARGET = 4.0;
				OTHER_CFLAGS = "-DNS_BLOCK_ASSERTIONS=1";
				SDKROOT = iphoneos;
				TARGETED_DEVICE_FAMILY = "1,2";
			};
			name = "Ad Hoc Distribution";
		};
		9EC2A852136265CD0082BBB7 /* Ad Hoc Distribution */ = {
			isa = XCBuildConfiguration;
			buildSettings = {
				ALWAYS_SEARCH_USER_PATHS = NO;
				CODE_SIGN_ENTITLEMENTS = Entitlements.plist;
				CODE_SIGN_IDENTITY = "";
				"CODE_SIGN_IDENTITY[sdk=iphoneos*]" = "iPhone Distribution";
				COPY_PHASE_STRIP = YES;
				GCC_PRECOMPILE_PREFIX_HEADER = YES;
				GCC_PREFIX_HEADER = "E-Tipitaka/E-Tipitaka-Prefix.pch";
				GCC_VERSION = com.apple.compilers.llvm.clang.1_0;
				INFOPLIST_FILE = "E-Tipitaka/E-Tipitaka-Info.plist";
				IPHONEOS_DEPLOYMENT_TARGET = 4.0;
				PRODUCT_NAME = "$(TARGET_NAME)";
				"PROVISIONING_PROFILE[sdk=iphoneos*]" = "";
				VALIDATE_PRODUCT = YES;
				WRAPPER_EXTENSION = app;
			};
			name = "Ad Hoc Distribution";
		};
/* End XCBuildConfiguration section */

/* Begin XCConfigurationList section */
		9E4B9CAC1419B571000DD263 /* Build configuration list for PBXNativeTarget "Tests" */ = {
			isa = XCConfigurationList;
			buildConfigurations = (
				9E4B9CA81419B571000DD263 /* Debug */,
				9E4B9CA91419B571000DD263 /* Release */,
				9E4B9CAA1419B571000DD263 /* Distribution */,
				9E4B9CAB1419B571000DD263 /* Ad Hoc Distribution */,
			);
			defaultConfigurationIsVisible = 0;
			defaultConfigurationName = Distribution;
		};
		9E6696E8134B15C900B9E0F4 /* Build configuration list for PBXProject "E-Tipitaka" */ = {
			isa = XCConfigurationList;
			buildConfigurations = (
				9E669717134B15CB00B9E0F4 /* Debug */,
				9E669718134B15CB00B9E0F4 /* Release */,
				9EA8F3FC1378507B00BEE728 /* Distribution */,
				9EC2A851136265CD0082BBB7 /* Ad Hoc Distribution */,
			);
			defaultConfigurationIsVisible = 0;
			defaultConfigurationName = Distribution;
		};
		9E669719134B15CB00B9E0F4 /* Build configuration list for PBXNativeTarget "E-Tipitaka" */ = {
			isa = XCConfigurationList;
			buildConfigurations = (
				9E66971A134B15CB00B9E0F4 /* Debug */,
				9E66971B134B15CB00B9E0F4 /* Release */,
				9EA8F3FD1378507B00BEE728 /* Distribution */,
				9EC2A852136265CD0082BBB7 /* Ad Hoc Distribution */,
			);
			defaultConfigurationIsVisible = 0;
			defaultConfigurationName = Distribution;
		};
/* End XCConfigurationList section */

/* Begin XCVersionGroup section */
		9E669706134B15CB00B9E0F4 /* E_Tipitaka.xcdatamodeld */ = {
			isa = XCVersionGroup;
			children = (
				9E3029D913E85BBE00F923F7 /* E_Tipitaka 9.xcdatamodel */,
				9EF891A413E6D3A900A7C5B4 /* E_Tipitaka 8.xcdatamodel */,
				9EF8919A13E30AD800A7C5B4 /* E_Tipitaka 7.xcdatamodel */,
				9EAF954913D155DF0010CABD /* E_Tipitaka 6.xcdatamodel */,
				9E326FBA138D393000ED66AE /* E_Tipitaka 3.xcdatamodel */,
				9E326FEA138F69C500ED66AE /* E_Tipitaka 4.xcdatamodel */,
				9E32700C13908F2E00ED66AE /* E_Tipitaka 5.xcdatamodel */,
				9E0BD4271379794C00228694 /* E_Tipitaka 2.xcdatamodel */,
				9E669707134B15CB00B9E0F4 /* E_Tipitaka.xcdatamodel */,
			);
			currentVersion = 9EF891A413E6D3A900A7C5B4 /* E_Tipitaka 8.xcdatamodel */;
			path = E_Tipitaka.xcdatamodeld;
			sourceTree = "<group>";
			versionGroupType = wrapper.xcdatamodel;
		};
/* End XCVersionGroup section */
	};
	rootObject = 9E6696E5134B15C900B9E0F4 /* Project object */;
}
